{"format_version":"1.2","terraform_version":"1.10.5","planned_values":{"root_module":{"resources":[{"address":"aws_instance.cloudpilot_ec2","mode":"managed","type":"aws_instance","name":"cloudpilot_ec2","provider_name":"registry.terraform.io/hashicorp/aws","schema_version":1,"values":{"ami":"ami-05b10e08d247fb927","arn":"arn:aws:ec2:us-east-1:331483783918:instance/i-0d4d40a4cfd29bc23","associate_public_ip_address":false,"availability_zone":"us-east-1a","capacity_reservation_specification":[{"capacity_reservation_preference":"open","capacity_reservation_target":[]}],"cpu_core_count":1,"cpu_options":[{"amd_sev_snp":"","core_count":1,"threads_per_core":1}],"cpu_threads_per_core":1,"credit_specification":[{"cpu_credits":"standard"}],"disable_api_stop":false,"disable_api_termination":false,"ebs_block_device":[],"ebs_optimized":false,"enclave_options":[{"enabled":false}],"ephemeral_block_device":[],"get_password_data":false,"hibernation":false,"host_id":"","host_resource_group_arn":null,"iam_instance_profile":"","id":"i-0d4d40a4cfd29bc23","instance_initiated_shutdown_behavior":"stop","instance_state":"running","instance_type":"t2.micro","ipv6_address_count":0,"ipv6_addresses":[],"key_name":"","launch_template":[],"maintenance_options":[{"auto_recovery":"default"}],"metadata_options":[{"http_endpoint":"enabled","http_put_response_hop_limit":2,"http_tokens":"required","instance_metadata_tags":"disabled"}],"monitoring":false,"network_interface":[],"outpost_arn":"","password_data":"","placement_group":"","placement_partition_number":0,"primary_network_interface_id":"eni-06e094e75c3cc8717","private_dns":"ip-10-0-1-123.ec2.internal","private_dns_name_options":[{"enable_resource_name_dns_a_record":false,"enable_resource_name_dns_aaaa_record":false,"hostname_type":"ip-name"}],"private_ip":"10.0.1.123","public_dns":"","public_ip":"","root_block_device":[{"delete_on_termination":true,"device_name":"/dev/xvda","encrypted":false,"iops":3000,"kms_key_id":"","tags":{},"throughput":125,"volume_id":"vol-0d7ee1d8fe3784ced","volume_size":8,"volume_type":"gp3"}],"secondary_private_ips":[],"security_groups":[],"source_dest_check":true,"subnet_id":"subnet-03da59708a9c2b7e7","tags":{"Name":"cloudpilot_ec2"},"tags_all":{"Name":"cloudpilot_ec2"},"tenancy":"default","timeouts":null,"user_data":null,"user_data_base64":null,"user_data_replace_on_change":false,"volume_tags":null},"sensitive_values":{"capacity_reservation_specification":[{"capacity_reservation_target":[]}],"cpu_options":[{}],"credit_specification":[{}],"ebs_block_device":[],"enclave_options":[{}],"ephemeral_block_device":[],"ipv6_addresses":[],"launch_template":[],"maintenance_options":[{}],"metadata_options":[{}],"network_interface":[],"private_dns_name_options":[{}],"root_block_device":[{"tags":{}}],"secondary_private_ips":[],"security_groups":[],"tags":{},"tags_all":{},"vpc_security_group_ids":[]}},{"address":"aws_internet_gateway.cloudpilot_igw","mode":"managed","type":"aws_internet_gateway","name":"cloudpilot_igw","provider_name":"registry.terraform.io/hashicorp/aws","schema_version":0,"values":{"arn":"arn:aws:ec2:us-east-1:331483783918:internet-gateway/igw-0779c6a256d36c695","id":"igw-0779c6a256d36c695","owner_id":"331483783918","tags":{"Name":"cloudpilot_igw"},"tags_all":{"Name":"cloudpilot_igw"},"timeouts":null,"vpc_id":"vpc-04dcce1cc739f7766"},"sensitive_values":{"tags":{},"tags_all":{}}},{"address":"aws_lb.cloudpilot_alb","mode":"managed","type":"aws_lb","name":"cloudpilot_alb","provider_name":"registry.terraform.io/hashicorp/aws","schema_version":0,"values":{"access_logs":[],"customer_owned_ipv4_pool":null,"desync_mitigation_mode":"defensive","drop_invalid_header_fields":false,"enable_cross_zone_load_balancing":null,"enable_deletion_protection":false,"enable_http2":true,"enable_tls_version_and_cipher_suite_headers":false,"enable_waf_fail_open":false,"enable_xff_client_port":false,"idle_timeout":60,"internal":false,"load_balancer_type":"application","name":"cloudpilot-alb","name_prefix":null,"preserve_host_header":false,"subnets":["subnet-03da59708a9c2b7e7","subnet-0aa928ce699d55db3"],"tags":{"Name":"cloudpilot_alb"},"tags_all":{"Name":"cloudpilot_alb"},"timeouts":null,"xff_header_processing_mode":"append"},"sensitive_values":{"access_logs":[],"security_groups":[],"subnet_mapping":[],"subnets":[false,false],"tags":{},"tags_all":{}}},{"address":"aws_lb_listener.cloudpilot_listener","mode":"managed","type":"aws_lb_listener","name":"cloudpilot_listener","provider_name":"registry.terraform.io/hashicorp/aws","schema_version":0,"values":{"alpn_policy":null,"certificate_arn":null,"default_action":[{"authenticate_cognito":[],"authenticate_oidc":[],"fixed_response":[],"forward":[],"redirect":[],"target_group_arn":"arn:aws:elasticloadbalancing:us-east-1:331483783918:targetgroup/cloudpilot-tg/830c069d446edb7e","type":"forward"}],"port":80,"protocol":"HTTP","tags":null,"timeouts":null},"sensitive_values":{"default_action":[{"authenticate_cognito":[],"authenticate_oidc":[],"fixed_response":[],"forward":[],"redirect":[]}],"tags_all":{}}},{"address":"aws_lb_target_group.cloudpilot_tg","mode":"managed","type":"aws_lb_target_group","name":"cloudpilot_tg","provider_name":"registry.terraform.io/hashicorp/aws","schema_version":0,"values":{"arn":"arn:aws:elasticloadbalancing:us-east-1:331483783918:targetgroup/cloudpilot-tg/830c069d446edb7e","arn_suffix":"targetgroup/cloudpilot-tg/830c069d446edb7e","connection_termination":false,"deregistration_delay":"300","health_check":[{"enabled":true,"healthy_threshold":2,"interval":30,"matcher":"200","path":"/","port":"traffic-port","protocol":"HTTP","timeout":5,"unhealthy_threshold":10}],"id":"arn:aws:elasticloadbalancing:us-east-1:331483783918:targetgroup/cloudpilot-tg/830c069d446edb7e","ip_address_type":"ipv4","lambda_multi_value_headers_enabled":false,"load_balancing_algorithm_type":"round_robin","load_balancing_cross_zone_enabled":"use_load_balancer_configuration","name":"cloudpilot-tg","name_prefix":null,"port":80,"preserve_client_ip":null,"protocol":"HTTP","protocol_version":"HTTP1","proxy_protocol_v2":false,"slow_start":0,"stickiness":[{"cookie_duration":86400,"cookie_name":"","enabled":false,"type":"lb_cookie"}],"tags":{},"tags_all":{},"target_failover":[{"on_deregistration":null,"on_unhealthy":null}],"target_type":"instance","vpc_id":"vpc-04dcce1cc739f7766"},"sensitive_values":{"health_check":[{}],"stickiness":[{}],"tags":{},"tags_all":{},"target_failover":[{}]}},{"address":"aws_lb_target_group_attachment.cloudpilot_tg_attachment","mode":"managed","type":"aws_lb_target_group_attachment","name":"cloudpilot_tg_attachment","provider_name":"registry.terraform.io/hashicorp/aws","schema_version":0,"values":{"availability_zone":null,"id":"arn:aws:elasticloadbalancing:us-east-1:331483783918:targetgroup/cloudpilot-tg/830c069d446edb7e-20250303220626419100000002","port":80,"target_group_arn":"arn:aws:elasticloadbalancing:us-east-1:331483783918:targetgroup/cloudpilot-tg/830c069d446edb7e","target_id":"i-0d4d40a4cfd29bc23"},"sensitive_values":{}},{"address":"aws_route_table.cloudpilot_public_rt","mode":"managed","type":"aws_route_table","name":"cloudpilot_public_rt","provider_name":"registry.terraform.io/hashicorp/aws","schema_version":0,"values":{"arn":"arn:aws:ec2:us-east-1:331483783918:route-table/rtb-0fed6952646ed7790","id":"rtb-0fed6952646ed7790","owner_id":"331483783918","propagating_vgws":[],"route":[{"carrier_gateway_id":"","cidr_block":"0.0.0.0/0","core_network_arn":"","destination_prefix_list_id":"","egress_only_gateway_id":"","gateway_id":"igw-0779c6a256d36c695","instance_id":"","ipv6_cidr_block":"","local_gateway_id":"","nat_gateway_id":"","network_interface_id":"","transit_gateway_id":"","vpc_endpoint_id":"","vpc_peering_connection_id":""}],"tags":{"Name":"cloudpilot_public_rt"},"tags_all":{"Name":"cloudpilot_public_rt"},"timeouts":null,"vpc_id":"vpc-04dcce1cc739f7766"},"sensitive_values":{"propagating_vgws":[],"route":[{}],"tags":{},"tags_all":{}}},{"address":"aws_route_table_association.cloudpilot_public_1_rt_assoc","mode":"managed","type":"aws_route_table_association","name":"cloudpilot_public_1_rt_assoc","provider_name":"registry.terraform.io/hashicorp/aws","schema_version":0,"values":{"gateway_id":"","id":"rtbassoc-06d7ba7340592d015","route_table_id":"rtb-0fed6952646ed7790","subnet_id":"subnet-03da59708a9c2b7e7","timeouts":null},"sensitive_values":{}},{"address":"aws_route_table_association.cloudpilot_public_2_rt_assoc","mode":"managed","type":"aws_route_table_association","name":"cloudpilot_public_2_rt_assoc","provider_name":"registry.terraform.io/hashicorp/aws","schema_version":0,"values":{"gateway_id":"","id":"rtbassoc-00822316f43f71650","route_table_id":"rtb-0fed6952646ed7790","subnet_id":"subnet-0aa928ce699d55db3","timeouts":null},"sensitive_values":{}},{"address":"aws_security_group.cloudpilot_sg","mode":"managed","type":"aws_security_group","name":"cloudpilot_sg","provider_name":"registry.terraform.io/hashicorp/aws","schema_version":1,"values":{"description":"Security group for CloudPilot resources","egress":[{"cidr_blocks":["0.0.0.0/0"],"description":"","from_port":0,"ipv6_cidr_blocks":[],"prefix_list_ids":[],"protocol":"-1","security_groups":[],"self":false,"to_port":0}],"ingress":[{"cidr_blocks":["0.0.0.0/0"],"description":"HTTP from anywhere","from_port":80,"ipv6_cidr_blocks":[],"prefix_list_ids":[],"protocol":"tcp","security_groups":[],"self":false,"to_port":80}],"name":"cloudpilot_sg","revoke_rules_on_delete":false,"tags":{"Name":"cloudpilot_sg"},"tags_all":{"Name":"cloudpilot_sg"},"timeouts":null,"vpc_id":"vpc-04dcce1cc739f7766"},"sensitive_values":{"egress":[{"cidr_blocks":[false],"ipv6_cidr_blocks":[],"prefix_list_ids":[],"security_groups":[]}],"ingress":[{"cidr_blocks":[false],"ipv6_cidr_blocks":[],"prefix_list_ids":[],"security_groups":[]}],"tags":{},"tags_all":{}}},{"address":"aws_subnet.cloudpilot_private_subnet_1","mode":"managed","type":"aws_subnet","name":"cloudpilot_private_subnet_1","provider_name":"registry.terraform.io/hashicorp/aws","schema_version":1,"values":{"arn":"arn:aws:ec2:us-east-1:331483783918:subnet/subnet-0e1007b1f49b303bf","assign_ipv6_address_on_creation":false,"availability_zone":"us-east-1a","availability_zone_id":"use1-az6","cidr_block":"10.0.3.0/24","customer_owned_ipv4_pool":"","enable_dns64":false,"enable_lni_at_device_index":0,"enable_resource_name_dns_a_record_on_launch":false,"enable_resource_name_dns_aaaa_record_on_launch":false,"id":"subnet-0e1007b1f49b303bf","ipv6_cidr_block":"","ipv6_cidr_block_association_id":"","ipv6_native":false,"map_customer_owned_ip_on_launch":false,"map_public_ip_on_launch":false,"outpost_arn":"","owner_id":"331483783918","private_dns_hostname_type_on_launch":"ip-name","tags":{"Name":"cloudpilot_private_subnet_1"},"tags_all":{"Name":"cloudpilot_private_subnet_1"},"timeouts":null,"vpc_id":"vpc-04dcce1cc739f7766"},"sensitive_values":{"tags":{},"tags_all":{}}},{"address":"aws_subnet.cloudpilot_private_subnet_2","mode":"managed","type":"aws_subnet","name":"cloudpilot_private_subnet_2","provider_name":"registry.terraform.io/hashicorp/aws","schema_version":1,"values":{"arn":"arn:aws:ec2:us-east-1:331483783918:subnet/subnet-063c2112a88c93f60","assign_ipv6_address_on_creation":false,"availability_zone":"us-east-1b","availability_zone_id":"use1-az1","cidr_block":"10.0.4.0/24","customer_owned_ipv4_pool":"","enable_dns64":false,"enable_lni_at_device_index":0,"enable_resource_name_dns_a_record_on_launch":false,"enable_resource_name_dns_aaaa_record_on_launch":false,"id":"subnet-063c2112a88c93f60","ipv6_cidr_block":"","ipv6_cidr_block_association_id":"","ipv6_native":false,"map_customer_owned_ip_on_launch":false,"map_public_ip_on_launch":false,"outpost_arn":"","owner_id":"331483783918","private_dns_hostname_type_on_launch":"ip-name","tags":{"Name":"cloudpilot_private_subnet_2"},"tags_all":{"Name":"cloudpilot_private_subnet_2"},"timeouts":null,"vpc_id":"vpc-04dcce1cc739f7766"},"sensitive_values":{"tags":{},"tags_all":{}}},{"address":"aws_subnet.cloudpilot_public_subnet_1","mode":"managed","type":"aws_subnet","name":"cloudpilot_public_subnet_1","provider_name":"registry.terraform.io/hashicorp/aws","schema_version":1,"values":{"arn":"arn:aws:ec2:us-east-1:331483783918:subnet/subnet-03da59708a9c2b7e7","assign_ipv6_address_on_creation":false,"availability_zone":"us-east-1a","availability_zone_id":"use1-az6","cidr_block":"10.0.1.0/24","customer_owned_ipv4_pool":"","enable_dns64":false,"enable_lni_at_device_index":0,"enable_resource_name_dns_a_record_on_launch":false,"enable_resource_name_dns_aaaa_record_on_launch":false,"id":"subnet-03da59708a9c2b7e7","ipv6_cidr_block":"","ipv6_cidr_block_association_id":"","ipv6_native":false,"map_customer_owned_ip_on_launch":false,"map_public_ip_on_launch":false,"outpost_arn":"","owner_id":"331483783918","private_dns_hostname_type_on_launch":"ip-name","tags":{"Name":"cloudpilot_public_subnet_1"},"tags_all":{"Name":"cloudpilot_public_subnet_1"},"timeouts":null,"vpc_id":"vpc-04dcce1cc739f7766"},"sensitive_values":{"tags":{},"tags_all":{}}},{"address":"aws_subnet.cloudpilot_public_subnet_2","mode":"managed","type":"aws_subnet","name":"cloudpilot_public_subnet_2","provider_name":"registry.terraform.io/hashicorp/aws","schema_version":1,"values":{"arn":"arn:aws:ec2:us-east-1:331483783918:subnet/subnet-0aa928ce699d55db3","assign_ipv6_address_on_creation":false,"availability_zone":"us-east-1b","availability_zone_id":"use1-az1","cidr_block":"10.0.2.0/24","customer_owned_ipv4_pool":"","enable_dns64":false,"enable_lni_at_device_index":0,"enable_resource_name_dns_a_record_on_launch":false,"enable_resource_name_dns_aaaa_record_on_launch":false,"id":"subnet-0aa928ce699d55db3","ipv6_cidr_block":"","ipv6_cidr_block_association_id":"","ipv6_native":false,"map_customer_owned_ip_on_launch":false,"map_public_ip_on_launch":false,"outpost_arn":"","owner_id":"331483783918","private_dns_hostname_type_on_launch":"ip-name","tags":{"Name":"cloudpilot_public_subnet_2"},"tags_all":{"Name":"cloudpilot_public_subnet_2"},"timeouts":null,"vpc_id":"vpc-04dcce1cc739f7766"},"sensitive_values":{"tags":{},"tags_all":{}}},{"address":"aws_vpc.cloudpilot_vpc","mode":"managed","type":"aws_vpc","name":"cloudpilot_vpc","provider_name":"registry.terraform.io/hashicorp/aws","schema_version":1,"values":{"arn":"arn:aws:ec2:us-east-1:331483783918:vpc/vpc-04dcce1cc739f7766","assign_generated_ipv6_cidr_block":false,"cidr_block":"10.0.0.0/16","default_network_acl_id":"acl-036596a9a073be5b9","default_route_table_id":"rtb-0de0205118002a571","default_security_group_id":"sg-007d12fa4e7fa881c","dhcp_options_id":"dopt-0a13e3b6103130cf3","enable_classiclink":false,"enable_classiclink_dns_support":false,"enable_dns_hostnames":true,"enable_dns_support":true,"enable_network_address_usage_metrics":false,"id":"vpc-04dcce1cc739f7766","instance_tenancy":"default","ipv4_ipam_pool_id":null,"ipv4_netmask_length":null,"ipv6_association_id":"","ipv6_cidr_block":"","ipv6_cidr_block_network_border_group":"","ipv6_ipam_pool_id":"","ipv6_netmask_length":0,"main_route_table_id":"rtb-0de0205118002a571","owner_id":"331483783918","tags":{"Name":"cloudpilot_vpc"},"tags_all":{"Name":"cloudpilot_vpc"}},"sensitive_values":{"tags":{},"tags_all":{}}}]}},"resource_drift":[{"address":"aws_lb_target_group.cloudpilot_tg","mode":"managed","type":"aws_lb_target_group","name":"cloudpilot_tg","provider_name":"registry.terraform.io/hashicorp/aws","change":{"actions":["update"],"before":{"arn":"arn:aws:elasticloadbalancing:us-east-1:331483783918:targetgroup/cloudpilot-tg/830c069d446edb7e","arn_suffix":"targetgroup/cloudpilot-tg/830c069d446edb7e","connection_termination":false,"deregistration_delay":"300","health_check":[{"enabled":true,"healthy_threshold":2,"interval":30,"matcher":"200","path":"/","port":"traffic-port","protocol":"HTTP","timeout":5,"unhealthy_threshold":10}],"id":"arn:aws:elasticloadbalancing:us-east-1:331483783918:targetgroup/cloudpilot-tg/830c069d446edb7e","ip_address_type":"ipv4","lambda_multi_value_headers_enabled":false,"load_balancing_algorithm_type":"round_robin","load_balancing_cross_zone_enabled":"use_load_balancer_configuration","name":"cloudpilot-tg","name_prefix":null,"port":80,"preserve_client_ip":null,"protocol":"HTTP","protocol_version":"HTTP1","proxy_protocol_v2":false,"slow_start":0,"stickiness":[{"cookie_duration":86400,"cookie_name":"","enabled":false,"type":"lb_cookie"}],"tags":null,"tags_all":{},"target_failover":[{"on_deregistration":null,"on_unhealthy":null}],"target_type":"instance","vpc_id":"vpc-04dcce1cc739f7766"},"after":{"arn":"arn:aws:elasticloadbalancing:us-east-1:331483783918:targetgroup/cloudpilot-tg/830c069d446edb7e","arn_suffix":"targetgroup/cloudpilot-tg/830c069d446edb7e","connection_termination":false,"deregistration_delay":"300","health_check":[{"enabled":true,"healthy_threshold":2,"interval":30,"matcher":"200","path":"/","port":"traffic-port","protocol":"HTTP","timeout":5,"unhealthy_threshold":10}],"id":"arn:aws:elasticloadbalancing:us-east-1:331483783918:targetgroup/cloudpilot-tg/830c069d446edb7e","ip_address_type":"ipv4","lambda_multi_value_headers_enabled":false,"load_balancing_algorithm_type":"round_robin","load_balancing_cross_zone_enabled":"use_load_balancer_configuration","name":"cloudpilot-tg","name_prefix":null,"port":80,"preserve_client_ip":null,"protocol":"HTTP","protocol_version":"HTTP1","proxy_protocol_v2":false,"slow_start":0,"stickiness":[{"cookie_duration":86400,"cookie_name":"","enabled":false,"type":"lb_cookie"}],"tags":{},"tags_all":{},"target_failover":[{"on_deregistration":null,"on_unhealthy":null}],"target_type":"instance","vpc_id":"vpc-04dcce1cc739f7766"},"after_unknown":{},"before_sensitive":{"health_check":[{}],"stickiness":[{}],"tags_all":{},"target_failover":[{}]},"after_sensitive":{"health_check":[{}],"stickiness":[{}],"tags":{},"tags_all":{},"target_failover":[{}]}}}],"resource_changes":[{"address":"aws_instance.cloudpilot_ec2","mode":"managed","type":"aws_instance","name":"cloudpilot_ec2","provider_name":"registry.terraform.io/hashicorp/aws","change":{"actions":["update"],"before":{"ami":"ami-05b10e08d247fb927","arn":"arn:aws:ec2:us-east-1:331483783918:instance/i-0d4d40a4cfd29bc23","associate_public_ip_address":false,"availability_zone":"us-east-1a","capacity_reservation_specification":[{"capacity_reservation_preference":"open","capacity_reservation_target":[]}],"cpu_core_count":1,"cpu_options":[{"amd_sev_snp":"","core_count":1,"threads_per_core":1}],"cpu_threads_per_core":1,"credit_specification":[{"cpu_credits":"standard"}],"disable_api_stop":false,"disable_api_termination":false,"ebs_block_device":[],"ebs_optimized":false,"enclave_options":[{"enabled":false}],"ephemeral_block_device":[],"get_password_data":false,"hibernation":false,"host_id":"","host_resource_group_arn":null,"iam_instance_profile":"","id":"i-0d4d40a4cfd29bc23","instance_initiated_shutdown_behavior":"stop","instance_state":"running","instance_type":"t2.micro","ipv6_address_count":0,"ipv6_addresses":[],"key_name":"","launch_template":[],"maintenance_options":[{"auto_recovery":"default"}],"metadata_options":[{"http_endpoint":"enabled","http_put_response_hop_limit":2,"http_tokens":"required","instance_metadata_tags":"disabled"}],"monitoring":false,"network_interface":[],"outpost_arn":"","password_data":"","placement_group":"","placement_partition_number":0,"primary_network_interface_id":"eni-06e094e75c3cc8717","private_dns":"ip-10-0-1-123.ec2.internal","private_dns_name_options":[{"enable_resource_name_dns_a_record":false,"enable_resource_name_dns_aaaa_record":false,"hostname_type":"ip-name"}],"private_ip":"10.0.1.123","public_dns":"","public_ip":"","root_block_device":[{"delete_on_termination":true,"device_name":"/dev/xvda","encrypted":false,"iops":3000,"kms_key_id":"","tags":{},"throughput":125,"volume_id":"vol-0d7ee1d8fe3784ced","volume_size":8,"volume_type":"gp3"}],"secondary_private_ips":[],"security_groups":[],"source_dest_check":true,"subnet_id":"subnet-03da59708a9c2b7e7","tags":{"Name":"cloudpilot_ec2"},"tags_all":{"Name":"cloudpilot_ec2"},"tenancy":"default","timeouts":null,"user_data":null,"user_data_base64":null,"user_data_replace_on_change":false,"volume_tags":null,"vpc_security_group_ids":["sg-0cd353f76d7899054"]},"after":{"ami":"ami-05b10e08d247fb927","arn":"arn:aws:ec2:us-east-1:331483783918:instance/i-0d4d40a4cfd29bc23","associate_public_ip_address":false,"availability_zone":"us-east-1a","capacity_reservation_specification":[{"capacity_reservation_preference":"open","capacity_reservation_target":[]}],"cpu_core_count":1,"cpu_options":[{"amd_sev_snp":"","core_count":1,"threads_per_core":1}],"cpu_threads_per_core":1,"credit_specification":[{"cpu_credits":"standard"}],"disable_api_stop":false,"disable_api_termination":false,"ebs_block_device":[],"ebs_optimized":false,"enclave_options":[{"enabled":false}],"ephemeral_block_device":[],"get_password_data":false,"hibernation":false,"host_id":"","host_resource_group_arn":null,"iam_instance_profile":"","id":"i-0d4d40a4cfd29bc23","instance_initiated_shutdown_behavior":"stop","instance_state":"running","instance_type":"t2.micro","ipv6_address_count":0,"ipv6_addresses":[],"key_name":"","launch_template":[],"maintenance_options":[{"auto_recovery":"default"}],"metadata_options":[{"http_endpoint":"enabled","http_put_response_hop_limit":2,"http_tokens":"required","instance_metadata_tags":"disabled"}],"monitoring":false,"network_interface":[],"outpost_arn":"","password_data":"","placement_group":"","placement_partition_number":0,"primary_network_interface_id":"eni-06e094e75c3cc8717","private_dns":"ip-10-0-1-123.ec2.internal","private_dns_name_options":[{"enable_resource_name_dns_a_record":false,"enable_resource_name_dns_aaaa_record":false,"hostname_type":"ip-name"}],"private_ip":"10.0.1.123","public_dns":"","public_ip":"","root_block_device":[{"delete_on_termination":true,"device_name":"/dev/xvda","encrypted":false,"iops":3000,"kms_key_id":"","tags":{},"throughput":125,"volume_id":"vol-0d7ee1d8fe3784ced","volume_size":8,"volume_type":"gp3"}],"secondary_private_ips":[],"security_groups":[],"source_dest_check":true,"subnet_id":"subnet-03da59708a9c2b7e7","tags":{"Name":"cloudpilot_ec2"},"tags_all":{"Name":"cloudpilot_ec2"},"tenancy":"default","timeouts":null,"user_data":null,"user_data_base64":null,"user_data_replace_on_change":false,"volume_tags":null},"after_unknown":{"capacity_reservation_specification":[{"capacity_reservation_target":[]}],"cpu_options":[{}],"credit_specification":[{}],"ebs_block_device":[],"enclave_options":[{}],"ephemeral_block_device":[],"ipv6_addresses":[],"launch_template":[],"maintenance_options":[{}],"metadata_options":[{}],"network_interface":[],"private_dns_name_options":[{}],"root_block_device":[{"tags":{}}],"secondary_private_ips":[],"security_groups":[],"tags":{},"tags_all":{},"vpc_security_group_ids":true},"before_sensitive":{"capacity_reservation_specification":[{"capacity_reservation_target":[]}],"cpu_options":[{}],"credit_specification":[{}],"ebs_block_device":[],"enclave_options":[{}],"ephemeral_block_device":[],"ipv6_addresses":[],"launch_template":[],"maintenance_options":[{}],"metadata_options":[{}],"network_interface":[],"private_dns_name_options":[{}],"root_block_device":[{"tags":{}}],"secondary_private_ips":[],"security_groups":[],"tags":{},"tags_all":{},"vpc_security_group_ids":[false]},"after_sensitive":{"capacity_reservation_specification":[{"capacity_reservation_target":[]}],"cpu_options":[{}],"credit_specification":[{}],"ebs_block_device":[],"enclave_options":[{}],"ephemeral_block_device":[],"ipv6_addresses":[],"launch_template":[],"maintenance_options":[{}],"metadata_options":[{}],"network_interface":[],"private_dns_name_options":[{}],"root_block_device":[{"tags":{}}],"secondary_private_ips":[],"security_groups":[],"tags":{},"tags_all":{},"vpc_security_group_ids":[]}}},{"address":"aws_internet_gateway.cloudpilot_igw","mode":"managed","type":"aws_internet_gateway","name":"cloudpilot_igw","provider_name":"registry.terraform.io/hashicorp/aws","change":{"actions":["no-op"],"before":{"arn":"arn:aws:ec2:us-east-1:331483783918:internet-gateway/igw-0779c6a256d36c695","id":"igw-0779c6a256d36c695","owner_id":"331483783918","tags":{"Name":"cloudpilot_igw"},"tags_all":{"Name":"cloudpilot_igw"},"timeouts":null,"vpc_id":"vpc-04dcce1cc739f7766"},"after":{"arn":"arn:aws:ec2:us-east-1:331483783918:internet-gateway/igw-0779c6a256d36c695","id":"igw-0779c6a256d36c695","owner_id":"331483783918","tags":{"Name":"cloudpilot_igw"},"tags_all":{"Name":"cloudpilot_igw"},"timeouts":null,"vpc_id":"vpc-04dcce1cc739f7766"},"after_unknown":{},"before_sensitive":{"tags":{},"tags_all":{}},"after_sensitive":{"tags":{},"tags_all":{}}}},{"address":"aws_lb.cloudpilot_alb","mode":"managed","type":"aws_lb","name":"cloudpilot_alb","provider_name":"registry.terraform.io/hashicorp/aws","change":{"actions":["create"],"before":null,"after":{"access_logs":[],"customer_owned_ipv4_pool":null,"desync_mitigation_mode":"defensive","drop_invalid_header_fields":false,"enable_cross_zone_load_balancing":null,"enable_deletion_protection":false,"enable_http2":true,"enable_tls_version_and_cipher_suite_headers":false,"enable_waf_fail_open":false,"enable_xff_client_port":false,"idle_timeout":60,"internal":false,"load_balancer_type":"application","name":"cloudpilot-alb","name_prefix":null,"preserve_host_header":false,"subnets":["subnet-03da59708a9c2b7e7","subnet-0aa928ce699d55db3"],"tags":{"Name":"cloudpilot_alb"},"tags_all":{"Name":"cloudpilot_alb"},"timeouts":null,"xff_header_processing_mode":"append"},"after_unknown":{"access_logs":[],"arn":true,"arn_suffix":true,"dns_name":true,"id":true,"ip_address_type":true,"security_groups":true,"subnet_mapping":true,"subnets":[false,false],"tags":{},"tags_all":{},"vpc_id":true,"zone_id":true},"before_sensitive":false,"after_sensitive":{"access_logs":[],"security_groups":[],"subnet_mapping":[],"subnets":[false,false],"tags":{},"tags_all":{}}}},{"address":"aws_lb_listener.cloudpilot_listener","mode":"managed","type":"aws_lb_listener","name":"cloudpilot_listener","provider_name":"registry.terraform.io/hashicorp/aws","change":{"actions":["create"],"before":null,"after":{"alpn_policy":null,"certificate_arn":null,"default_action":[{"authenticate_cognito":[],"authenticate_oidc":[],"fixed_response":[],"forward":[],"redirect":[],"target_group_arn":"arn:aws:elasticloadbalancing:us-east-1:331483783918:targetgroup/cloudpilot-tg/830c069d446edb7e","type":"forward"}],"port":80,"protocol":"HTTP","tags":null,"timeouts":null},"after_unknown":{"arn":true,"default_action":[{"authenticate_cognito":[],"authenticate_oidc":[],"fixed_response":[],"forward":[],"order":true,"redirect":[]}],"id":true,"load_balancer_arn":true,"ssl_policy":true,"tags_all":true},"before_sensitive":false,"after_sensitive":{"default_action":[{"authenticate_cognito":[],"authenticate_oidc":[],"fixed_response":[],"forward":[],"redirect":[]}],"tags_all":{}}}},{"address":"aws_lb_target_group.cloudpilot_tg","mode":"managed","type":"aws_lb_target_group","name":"cloudpilot_tg","provider_name":"registry.terraform.io/hashicorp/aws","change":{"actions":["no-op"],"before":{"arn":"arn:aws:elasticloadbalancing:us-east-1:331483783918:targetgroup/cloudpilot-tg/830c069d446edb7e","arn_suffix":"targetgroup/cloudpilot-tg/830c069d446edb7e","connection_termination":false,"deregistration_delay":"300","health_check":[{"enabled":true,"healthy_threshold":2,"interval":30,"matcher":"200","path":"/","port":"traffic-port","protocol":"HTTP","timeout":5,"unhealthy_threshold":10}],"id":"arn:aws:elasticloadbalancing:us-east-1:331483783918:targetgroup/cloudpilot-tg/830c069d446edb7e","ip_address_type":"ipv4","lambda_multi_value_headers_enabled":false,"load_balancing_algorithm_type":"round_robin","load_balancing_cross_zone_enabled":"use_load_balancer_configuration","name":"cloudpilot-tg","name_prefix":null,"port":80,"preserve_client_ip":null,"protocol":"HTTP","protocol_version":"HTTP1","proxy_protocol_v2":false,"slow_start":0,"stickiness":[{"cookie_duration":86400,"cookie_name":"","enabled":false,"type":"lb_cookie"}],"tags":{},"tags_all":{},"target_failover":[{"on_deregistration":null,"on_unhealthy":null}],"target_type":"instance","vpc_id":"vpc-04dcce1cc739f7766"},"after":{"arn":"arn:aws:elasticloadbalancing:us-east-1:331483783918:targetgroup/cloudpilot-tg/830c069d446edb7e","arn_suffix":"targetgroup/cloudpilot-tg/830c069d446edb7e","connection_termination":false,"deregistration_delay":"300","health_check":[{"enabled":true,"healthy_threshold":2,"interval":30,"matcher":"200","path":"/","port":"traffic-port","protocol":"HTTP","timeout":5,"unhealthy_threshold":10}],"id":"arn:aws:elasticloadbalancing:us-east-1:331483783918:targetgroup/cloudpilot-tg/830c069d446edb7e","ip_address_type":"ipv4","lambda_multi_value_headers_enabled":false,"load_balancing_algorithm_type":"round_robin","load_balancing_cross_zone_enabled":"use_load_balancer_configuration","name":"cloudpilot-tg","name_prefix":null,"port":80,"preserve_client_ip":null,"protocol":"HTTP","protocol_version":"HTTP1","proxy_protocol_v2":false,"slow_start":0,"stickiness":[{"cookie_duration":86400,"cookie_name":"","enabled":false,"type":"lb_cookie"}],"tags":{},"tags_all":{},"target_failover":[{"on_deregistration":null,"on_unhealthy":null}],"target_type":"instance","vpc_id":"vpc-04dcce1cc739f7766"},"after_unknown":{},"before_sensitive":{"health_check":[{}],"stickiness":[{}],"tags":{},"tags_all":{},"target_failover":[{}]},"after_sensitive":{"health_check":[{}],"stickiness":[{}],"tags":{},"tags_all":{},"target_failover":[{}]}}},{"address":"aws_lb_target_group_attachment.cloudpilot_tg_attachment","mode":"managed","type":"aws_lb_target_group_attachment","name":"cloudpilot_tg_attachment","provider_name":"registry.terraform.io/hashicorp/aws","change":{"actions":["no-op"],"before":{"availability_zone":null,"id":"arn:aws:elasticloadbalancing:us-east-1:331483783918:targetgroup/cloudpilot-tg/830c069d446edb7e-20250303220626419100000002","port":80,"target_group_arn":"arn:aws:elasticloadbalancing:us-east-1:331483783918:targetgroup/cloudpilot-tg/830c069d446edb7e","target_id":"i-0d4d40a4cfd29bc23"},"after":{"availability_zone":null,"id":"arn:aws:elasticloadbalancing:us-east-1:331483783918:targetgroup/cloudpilot-tg/830c069d446edb7e-20250303220626419100000002","port":80,"target_group_arn":"arn:aws:elasticloadbalancing:us-east-1:331483783918:targetgroup/cloudpilot-tg/830c069d446edb7e","target_id":"i-0d4d40a4cfd29bc23"},"after_unknown":{},"before_sensitive":{},"after_sensitive":{}}},{"address":"aws_route_table.cloudpilot_public_rt","mode":"managed","type":"aws_route_table","name":"cloudpilot_public_rt","provider_name":"registry.terraform.io/hashicorp/aws","change":{"actions":["no-op"],"before":{"arn":"arn:aws:ec2:us-east-1:331483783918:route-table/rtb-0fed6952646ed7790","id":"rtb-0fed6952646ed7790","owner_id":"331483783918","propagating_vgws":[],"route":[{"carrier_gateway_id":"","cidr_block":"0.0.0.0/0","core_network_arn":"","destination_prefix_list_id":"","egress_only_gateway_id":"","gateway_id":"igw-0779c6a256d36c695","instance_id":"","ipv6_cidr_block":"","local_gateway_id":"","nat_gateway_id":"","network_interface_id":"","transit_gateway_id":"","vpc_endpoint_id":"","vpc_peering_connection_id":""}],"tags":{"Name":"cloudpilot_public_rt"},"tags_all":{"Name":"cloudpilot_public_rt"},"timeouts":null,"vpc_id":"vpc-04dcce1cc739f7766"},"after":{"arn":"arn:aws:ec2:us-east-1:331483783918:route-table/rtb-0fed6952646ed7790","id":"rtb-0fed6952646ed7790","owner_id":"331483783918","propagating_vgws":[],"route":[{"carrier_gateway_id":"","cidr_block":"0.0.0.0/0","core_network_arn":"","destination_prefix_list_id":"","egress_only_gateway_id":"","gateway_id":"igw-0779c6a256d36c695","instance_id":"","ipv6_cidr_block":"","local_gateway_id":"","nat_gateway_id":"","network_interface_id":"","transit_gateway_id":"","vpc_endpoint_id":"","vpc_peering_connection_id":""}],"tags":{"Name":"cloudpilot_public_rt"},"tags_all":{"Name":"cloudpilot_public_rt"},"timeouts":null,"vpc_id":"vpc-04dcce1cc739f7766"},"after_unknown":{},"before_sensitive":{"propagating_vgws":[],"route":[{}],"tags":{},"tags_all":{}},"after_sensitive":{"propagating_vgws":[],"route":[{}],"tags":{},"tags_all":{}}}},{"address":"aws_route_table_association.cloudpilot_public_1_rt_assoc","mode":"managed","type":"aws_route_table_association","name":"cloudpilot_public_1_rt_assoc","provider_name":"registry.terraform.io/hashicorp/aws","change":{"actions":["no-op"],"before":{"gateway_id":"","id":"rtbassoc-06d7ba7340592d015","route_table_id":"rtb-0fed6952646ed7790","subnet_id":"subnet-03da59708a9c2b7e7","timeouts":null},"after":{"gateway_id":"","id":"rtbassoc-06d7ba7340592d015","route_table_id":"rtb-0fed6952646ed7790","subnet_id":"subnet-03da59708a9c2b7e7","timeouts":null},"after_unknown":{},"before_sensitive":{},"after_sensitive":{}}},{"address":"aws_route_table_association.cloudpilot_public_2_rt_assoc","mode":"managed","type":"aws_route_table_association","name":"cloudpilot_public_2_rt_assoc","provider_name":"registry.terraform.io/hashicorp/aws","change":{"actions":["no-op"],"before":{"gateway_id":"","id":"rtbassoc-00822316f43f71650","route_table_id":"rtb-0fed6952646ed7790","subnet_id":"subnet-0aa928ce699d55db3","timeouts":null},"after":{"gateway_id":"","id":"rtbassoc-00822316f43f71650","route_table_id":"rtb-0fed6952646ed7790","subnet_id":"subnet-0aa928ce699d55db3","timeouts":null},"after_unknown":{},"before_sensitive":{},"after_sensitive":{}}},{"address":"aws_security_group.cloudpilot_sg","mode":"managed","type":"aws_security_group","name":"cloudpilot_sg","provider_name":"registry.terraform.io/hashicorp/aws","change":{"actions":["delete","create"],"before":{"arn":"arn:aws:ec2:us-east-1:331483783918:security-group/sg-0cd353f76d7899054","description":"Security group for cloudpilot resources","egress":[{"cidr_blocks":["0.0.0.0/0"],"description":"","from_port":0,"ipv6_cidr_blocks":[],"prefix_list_ids":[],"protocol":"-1","security_groups":[],"self":false,"to_port":0}],"id":"sg-0cd353f76d7899054","ingress":[{"cidr_blocks":["0.0.0.0/0"],"description":"HTTP from anywhere","from_port":80,"ipv6_cidr_blocks":[],"prefix_list_ids":[],"protocol":"tcp","security_groups":[],"self":false,"to_port":80}],"name":"cloudpilot_sg","name_prefix":"","owner_id":"331483783918","revoke_rules_on_delete":false,"tags":{"Name":"cloudpilot_sg"},"tags_all":{"Name":"cloudpilot_sg"},"timeouts":null,"vpc_id":"vpc-04dcce1cc739f7766"},"after":{"description":"Security group for CloudPilot resources","egress":[{"cidr_blocks":["0.0.0.0/0"],"description":"","from_port":0,"ipv6_cidr_blocks":[],"prefix_list_ids":[],"protocol":"-1","security_groups":[],"self":false,"to_port":0}],"ingress":[{"cidr_blocks":["0.0.0.0/0"],"description":"HTTP from anywhere","from_port":80,"ipv6_cidr_blocks":[],"prefix_list_ids":[],"protocol":"tcp","security_groups":[],"self":false,"to_port":80}],"name":"cloudpilot_sg","revoke_rules_on_delete":false,"tags":{"Name":"cloudpilot_sg"},"tags_all":{"Name":"cloudpilot_sg"},"timeouts":null,"vpc_id":"vpc-04dcce1cc739f7766"},"after_unknown":{"arn":true,"egress":[{"cidr_blocks":[false],"ipv6_cidr_blocks":[],"prefix_list_ids":[],"security_groups":[]}],"id":true,"ingress":[{"cidr_blocks":[false],"ipv6_cidr_blocks":[],"prefix_list_ids":[],"security_groups":[]}],"name_prefix":true,"owner_id":true,"tags":{},"tags_all":{}},"before_sensitive":{"egress":[{"cidr_blocks":[false],"ipv6_cidr_blocks":[],"prefix_list_ids":[],"security_groups":[]}],"ingress":[{"cidr_blocks":[false],"ipv6_cidr_blocks":[],"prefix_list_ids":[],"security_groups":[]}],"tags":{},"tags_all":{}},"after_sensitive":{"egress":[{"cidr_blocks":[false],"ipv6_cidr_blocks":[],"prefix_list_ids":[],"security_groups":[]}],"ingress":[{"cidr_blocks":[false],"ipv6_cidr_blocks":[],"prefix_list_ids":[],"security_groups":[]}],"tags":{},"tags_all":{}},"replace_paths":[["description"]]},"action_reason":"replace_because_cannot_update"},{"address":"aws_subnet.cloudpilot_private_subnet_1","mode":"managed","type":"aws_subnet","name":"cloudpilot_private_subnet_1","provider_name":"registry.terraform.io/hashicorp/aws","change":{"actions":["no-op"],"before":{"arn":"arn:aws:ec2:us-east-1:331483783918:subnet/subnet-0e1007b1f49b303bf","assign_ipv6_address_on_creation":false,"availability_zone":"us-east-1a","availability_zone_id":"use1-az6","cidr_block":"10.0.3.0/24","customer_owned_ipv4_pool":"","enable_dns64":false,"enable_lni_at_device_index":0,"enable_resource_name_dns_a_record_on_launch":false,"enable_resource_name_dns_aaaa_record_on_launch":false,"id":"subnet-0e1007b1f49b303bf","ipv6_cidr_block":"","ipv6_cidr_block_association_id":"","ipv6_native":false,"map_customer_owned_ip_on_launch":false,"map_public_ip_on_launch":false,"outpost_arn":"","owner_id":"331483783918","private_dns_hostname_type_on_launch":"ip-name","tags":{"Name":"cloudpilot_private_subnet_1"},"tags_all":{"Name":"cloudpilot_private_subnet_1"},"timeouts":null,"vpc_id":"vpc-04dcce1cc739f7766"},"after":{"arn":"arn:aws:ec2:us-east-1:331483783918:subnet/subnet-0e1007b1f49b303bf","assign_ipv6_address_on_creation":false,"availability_zone":"us-east-1a","availability_zone_id":"use1-az6","cidr_block":"10.0.3.0/24","customer_owned_ipv4_pool":"","enable_dns64":false,"enable_lni_at_device_index":0,"enable_resource_name_dns_a_record_on_launch":false,"enable_resource_name_dns_aaaa_record_on_launch":false,"id":"subnet-0e1007b1f49b303bf","ipv6_cidr_block":"","ipv6_cidr_block_association_id":"","ipv6_native":false,"map_customer_owned_ip_on_launch":false,"map_public_ip_on_launch":false,"outpost_arn":"","owner_id":"331483783918","private_dns_hostname_type_on_launch":"ip-name","tags":{"Name":"cloudpilot_private_subnet_1"},"tags_all":{"Name":"cloudpilot_private_subnet_1"},"timeouts":null,"vpc_id":"vpc-04dcce1cc739f7766"},"after_unknown":{},"before_sensitive":{"tags":{},"tags_all":{}},"after_sensitive":{"tags":{},"tags_all":{}}}},{"address":"aws_subnet.cloudpilot_private_subnet_2","mode":"managed","type":"aws_subnet","name":"cloudpilot_private_subnet_2","provider_name":"registry.terraform.io/hashicorp/aws","change":{"actions":["no-op"],"before":{"arn":"arn:aws:ec2:us-east-1:331483783918:subnet/subnet-063c2112a88c93f60","assign_ipv6_address_on_creation":false,"availability_zone":"us-east-1b","availability_zone_id":"use1-az1","cidr_block":"10.0.4.0/24","customer_owned_ipv4_pool":"","enable_dns64":false,"enable_lni_at_device_index":0,"enable_resource_name_dns_a_record_on_launch":false,"enable_resource_name_dns_aaaa_record_on_launch":false,"id":"subnet-063c2112a88c93f60","ipv6_cidr_block":"","ipv6_cidr_block_association_id":"","ipv6_native":false,"map_customer_owned_ip_on_launch":false,"map_public_ip_on_launch":false,"outpost_arn":"","owner_id":"331483783918","private_dns_hostname_type_on_launch":"ip-name","tags":{"Name":"cloudpilot_private_subnet_2"},"tags_all":{"Name":"cloudpilot_private_subnet_2"},"timeouts":null,"vpc_id":"vpc-04dcce1cc739f7766"},"after":{"arn":"arn:aws:ec2:us-east-1:331483783918:subnet/subnet-063c2112a88c93f60","assign_ipv6_address_on_creation":false,"availability_zone":"us-east-1b","availability_zone_id":"use1-az1","cidr_block":"10.0.4.0/24","customer_owned_ipv4_pool":"","enable_dns64":false,"enable_lni_at_device_index":0,"enable_resource_name_dns_a_record_on_launch":false,"enable_resource_name_dns_aaaa_record_on_launch":false,"id":"subnet-063c2112a88c93f60","ipv6_cidr_block":"","ipv6_cidr_block_association_id":"","ipv6_native":false,"map_customer_owned_ip_on_launch":false,"map_public_ip_on_launch":false,"outpost_arn":"","owner_id":"331483783918","private_dns_hostname_type_on_launch":"ip-name","tags":{"Name":"cloudpilot_private_subnet_2"},"tags_all":{"Name":"cloudpilot_private_subnet_2"},"timeouts":null,"vpc_id":"vpc-04dcce1cc739f7766"},"after_unknown":{},"before_sensitive":{"tags":{},"tags_all":{}},"after_sensitive":{"tags":{},"tags_all":{}}}},{"address":"aws_subnet.cloudpilot_public_subnet_1","mode":"managed","type":"aws_subnet","name":"cloudpilot_public_subnet_1","provider_name":"registry.terraform.io/hashicorp/aws","change":{"actions":["no-op"],"before":{"arn":"arn:aws:ec2:us-east-1:331483783918:subnet/subnet-03da59708a9c2b7e7","assign_ipv6_address_on_creation":false,"availability_zone":"us-east-1a","availability_zone_id":"use1-az6","cidr_block":"10.0.1.0/24","customer_owned_ipv4_pool":"","enable_dns64":false,"enable_lni_at_device_index":0,"enable_resource_name_dns_a_record_on_launch":false,"enable_resource_name_dns_aaaa_record_on_launch":false,"id":"subnet-03da59708a9c2b7e7","ipv6_cidr_block":"","ipv6_cidr_block_association_id":"","ipv6_native":false,"map_customer_owned_ip_on_launch":false,"map_public_ip_on_launch":false,"outpost_arn":"","owner_id":"331483783918","private_dns_hostname_type_on_launch":"ip-name","tags":{"Name":"cloudpilot_public_subnet_1"},"tags_all":{"Name":"cloudpilot_public_subnet_1"},"timeouts":null,"vpc_id":"vpc-04dcce1cc739f7766"},"after":{"arn":"arn:aws:ec2:us-east-1:331483783918:subnet/subnet-03da59708a9c2b7e7","assign_ipv6_address_on_creation":false,"availability_zone":"us-east-1a","availability_zone_id":"use1-az6","cidr_block":"10.0.1.0/24","customer_owned_ipv4_pool":"","enable_dns64":false,"enable_lni_at_device_index":0,"enable_resource_name_dns_a_record_on_launch":false,"enable_resource_name_dns_aaaa_record_on_launch":false,"id":"subnet-03da59708a9c2b7e7","ipv6_cidr_block":"","ipv6_cidr_block_association_id":"","ipv6_native":false,"map_customer_owned_ip_on_launch":false,"map_public_ip_on_launch":false,"outpost_arn":"","owner_id":"331483783918","private_dns_hostname_type_on_launch":"ip-name","tags":{"Name":"cloudpilot_public_subnet_1"},"tags_all":{"Name":"cloudpilot_public_subnet_1"},"timeouts":null,"vpc_id":"vpc-04dcce1cc739f7766"},"after_unknown":{},"before_sensitive":{"tags":{},"tags_all":{}},"after_sensitive":{"tags":{},"tags_all":{}}}},{"address":"aws_subnet.cloudpilot_public_subnet_2","mode":"managed","type":"aws_subnet","name":"cloudpilot_public_subnet_2","provider_name":"registry.terraform.io/hashicorp/aws","change":{"actions":["no-op"],"before":{"arn":"arn:aws:ec2:us-east-1:331483783918:subnet/subnet-0aa928ce699d55db3","assign_ipv6_address_on_creation":false,"availability_zone":"us-east-1b","availability_zone_id":"use1-az1","cidr_block":"10.0.2.0/24","customer_owned_ipv4_pool":"","enable_dns64":false,"enable_lni_at_device_index":0,"enable_resource_name_dns_a_record_on_launch":false,"enable_resource_name_dns_aaaa_record_on_launch":false,"id":"subnet-0aa928ce699d55db3","ipv6_cidr_block":"","ipv6_cidr_block_association_id":"","ipv6_native":false,"map_customer_owned_ip_on_launch":false,"map_public_ip_on_launch":false,"outpost_arn":"","owner_id":"331483783918","private_dns_hostname_type_on_launch":"ip-name","tags":{"Name":"cloudpilot_public_subnet_2"},"tags_all":{"Name":"cloudpilot_public_subnet_2"},"timeouts":null,"vpc_id":"vpc-04dcce1cc739f7766"},"after":{"arn":"arn:aws:ec2:us-east-1:331483783918:subnet/subnet-0aa928ce699d55db3","assign_ipv6_address_on_creation":false,"availability_zone":"us-east-1b","availability_zone_id":"use1-az1","cidr_block":"10.0.2.0/24","customer_owned_ipv4_pool":"","enable_dns64":false,"enable_lni_at_device_index":0,"enable_resource_name_dns_a_record_on_launch":false,"enable_resource_name_dns_aaaa_record_on_launch":false,"id":"subnet-0aa928ce699d55db3","ipv6_cidr_block":"","ipv6_cidr_block_association_id":"","ipv6_native":false,"map_customer_owned_ip_on_launch":false,"map_public_ip_on_launch":false,"outpost_arn":"","owner_id":"331483783918","private_dns_hostname_type_on_launch":"ip-name","tags":{"Name":"cloudpilot_public_subnet_2"},"tags_all":{"Name":"cloudpilot_public_subnet_2"},"timeouts":null,"vpc_id":"vpc-04dcce1cc739f7766"},"after_unknown":{},"before_sensitive":{"tags":{},"tags_all":{}},"after_sensitive":{"tags":{},"tags_all":{}}}},{"address":"aws_vpc.cloudpilot_vpc","mode":"managed","type":"aws_vpc","name":"cloudpilot_vpc","provider_name":"registry.terraform.io/hashicorp/aws","change":{"actions":["no-op"],"before":{"arn":"arn:aws:ec2:us-east-1:331483783918:vpc/vpc-04dcce1cc739f7766","assign_generated_ipv6_cidr_block":false,"cidr_block":"10.0.0.0/16","default_network_acl_id":"acl-036596a9a073be5b9","default_route_table_id":"rtb-0de0205118002a571","default_security_group_id":"sg-007d12fa4e7fa881c","dhcp_options_id":"dopt-0a13e3b6103130cf3","enable_classiclink":false,"enable_classiclink_dns_support":false,"enable_dns_hostnames":true,"enable_dns_support":true,"enable_network_address_usage_metrics":false,"id":"vpc-04dcce1cc739f7766","instance_tenancy":"default","ipv4_ipam_pool_id":null,"ipv4_netmask_length":null,"ipv6_association_id":"","ipv6_cidr_block":"","ipv6_cidr_block_network_border_group":"","ipv6_ipam_pool_id":"","ipv6_netmask_length":0,"main_route_table_id":"rtb-0de0205118002a571","owner_id":"331483783918","tags":{"Name":"cloudpilot_vpc"},"tags_all":{"Name":"cloudpilot_vpc"}},"after":{"arn":"arn:aws:ec2:us-east-1:331483783918:vpc/vpc-04dcce1cc739f7766","assign_generated_ipv6_cidr_block":false,"cidr_block":"10.0.0.0/16","default_network_acl_id":"acl-036596a9a073be5b9","default_route_table_id":"rtb-0de0205118002a571","default_security_group_id":"sg-007d12fa4e7fa881c","dhcp_options_id":"dopt-0a13e3b6103130cf3","enable_classiclink":false,"enable_classiclink_dns_support":false,"enable_dns_hostnames":true,"enable_dns_support":true,"enable_network_address_usage_metrics":false,"id":"vpc-04dcce1cc739f7766","instance_tenancy":"default","ipv4_ipam_pool_id":null,"ipv4_netmask_length":null,"ipv6_association_id":"","ipv6_cidr_block":"","ipv6_cidr_block_network_border_group":"","ipv6_ipam_pool_id":"","ipv6_netmask_length":0,"main_route_table_id":"rtb-0de0205118002a571","owner_id":"331483783918","tags":{"Name":"cloudpilot_vpc"},"tags_all":{"Name":"cloudpilot_vpc"}},"after_unknown":{},"before_sensitive":{"tags":{},"tags_all":{}},"after_sensitive":{"tags":{},"tags_all":{}}}}],"prior_state":{"format_version":"1.0","terraform_version":"1.10.5","values":{"root_module":{"resources":[{"address":"aws_instance.cloudpilot_ec2","mode":"managed","type":"aws_instance","name":"cloudpilot_ec2","provider_name":"registry.terraform.io/hashicorp/aws","schema_version":1,"values":{"ami":"ami-05b10e08d247fb927","arn":"arn:aws:ec2:us-east-1:331483783918:instance/i-0d4d40a4cfd29bc23","associate_public_ip_address":false,"availability_zone":"us-east-1a","capacity_reservation_specification":[{"capacity_reservation_preference":"open","capacity_reservation_target":[]}],"cpu_core_count":1,"cpu_options":[{"amd_sev_snp":"","core_count":1,"threads_per_core":1}],"cpu_threads_per_core":1,"credit_specification":[{"cpu_credits":"standard"}],"disable_api_stop":false,"disable_api_termination":false,"ebs_block_device":[],"ebs_optimized":false,"enclave_options":[{"enabled":false}],"ephemeral_block_device":[],"get_password_data":false,"hibernation":false,"host_id":"","host_resource_group_arn":null,"iam_instance_profile":"","id":"i-0d4d40a4cfd29bc23","instance_initiated_shutdown_behavior":"stop","instance_state":"running","instance_type":"t2.micro","ipv6_address_count":0,"ipv6_addresses":[],"key_name":"","launch_template":[],"maintenance_options":[{"auto_recovery":"default"}],"metadata_options":[{"http_endpoint":"enabled","http_put_response_hop_limit":2,"http_tokens":"required","instance_metadata_tags":"disabled"}],"monitoring":false,"network_interface":[],"outpost_arn":"","password_data":"","placement_group":"","placement_partition_number":0,"primary_network_interface_id":"eni-06e094e75c3cc8717","private_dns":"ip-10-0-1-123.ec2.internal","private_dns_name_options":[{"enable_resource_name_dns_a_record":false,"enable_resource_name_dns_aaaa_record":false,"hostname_type":"ip-name"}],"private_ip":"10.0.1.123","public_dns":"","public_ip":"","root_block_device":[{"delete_on_termination":true,"device_name":"/dev/xvda","encrypted":false,"iops":3000,"kms_key_id":"","tags":{},"throughput":125,"volume_id":"vol-0d7ee1d8fe3784ced","volume_size":8,"volume_type":"gp3"}],"secondary_private_ips":[],"security_groups":[],"source_dest_check":true,"subnet_id":"subnet-03da59708a9c2b7e7","tags":{"Name":"cloudpilot_ec2"},"tags_all":{"Name":"cloudpilot_ec2"},"tenancy":"default","timeouts":null,"user_data":null,"user_data_base64":null,"user_data_replace_on_change":false,"volume_tags":null,"vpc_security_group_ids":["sg-0cd353f76d7899054"]},"sensitive_values":{"capacity_reservation_specification":[{"capacity_reservation_target":[]}],"cpu_options":[{}],"credit_specification":[{}],"ebs_block_device":[],"enclave_options":[{}],"ephemeral_block_device":[],"ipv6_addresses":[],"launch_template":[],"maintenance_options":[{}],"metadata_options":[{}],"network_interface":[],"private_dns_name_options":[{}],"root_block_device":[{"tags":{}}],"secondary_private_ips":[],"security_groups":[],"tags":{},"tags_all":{},"vpc_security_group_ids":[false]},"depends_on":["aws_security_group.cloudpilot_sg","aws_subnet.cloudpilot_public_subnet_1","aws_vpc.cloudpilot_vpc"]},{"address":"aws_internet_gateway.cloudpilot_igw","mode":"managed","type":"aws_internet_gateway","name":"cloudpilot_igw","provider_name":"registry.terraform.io/hashicorp/aws","schema_version":0,"values":{"arn":"arn:aws:ec2:us-east-1:331483783918:internet-gateway/igw-0779c6a256d36c695","id":"igw-0779c6a256d36c695","owner_id":"331483783918","tags":{"Name":"cloudpilot_igw"},"tags_all":{"Name":"cloudpilot_igw"},"timeouts":null,"vpc_id":"vpc-04dcce1cc739f7766"},"sensitive_values":{"tags":{},"tags_all":{}},"depends_on":["aws_vpc.cloudpilot_vpc"]},{"address":"aws_lb_target_group.cloudpilot_tg","mode":"managed","type":"aws_lb_target_group","name":"cloudpilot_tg","provider_name":"registry.terraform.io/hashicorp/aws","schema_version":0,"values":{"arn":"arn:aws:elasticloadbalancing:us-east-1:331483783918:targetgroup/cloudpilot-tg/830c069d446edb7e","arn_suffix":"targetgroup/cloudpilot-tg/830c069d446edb7e","connection_termination":false,"deregistration_delay":"300","health_check":[{"enabled":true,"healthy_threshold":2,"interval":30,"matcher":"200","path":"/","port":"traffic-port","protocol":"HTTP","timeout":5,"unhealthy_threshold":10}],"id":"arn:aws:elasticloadbalancing:us-east-1:331483783918:targetgroup/cloudpilot-tg/830c069d446edb7e","ip_address_type":"ipv4","lambda_multi_value_headers_enabled":false,"load_balancing_algorithm_type":"round_robin","load_balancing_cross_zone_enabled":"use_load_balancer_configuration","name":"cloudpilot-tg","name_prefix":null,"port":80,"preserve_client_ip":null,"protocol":"HTTP","protocol_version":"HTTP1","proxy_protocol_v2":false,"slow_start":0,"stickiness":[{"cookie_duration":86400,"cookie_name":"","enabled":false,"type":"lb_cookie"}],"tags":{},"tags_all":{},"target_failover":[{"on_deregistration":null,"on_unhealthy":null}],"target_type":"instance","vpc_id":"vpc-04dcce1cc739f7766"},"sensitive_values":{"health_check":[{}],"stickiness":[{}],"tags":{},"tags_all":{},"target_failover":[{}]},"depends_on":["aws_vpc.cloudpilot_vpc"]},{"address":"aws_lb_target_group_attachment.cloudpilot_tg_attachment","mode":"managed","type":"aws_lb_target_group_attachment","name":"cloudpilot_tg_attachment","provider_name":"registry.terraform.io/hashicorp/aws","schema_version":0,"values":{"availability_zone":null,"id":"arn:aws:elasticloadbalancing:us-east-1:331483783918:targetgroup/cloudpilot-tg/830c069d446edb7e-20250303220626419100000002","port":80,"target_group_arn":"arn:aws:elasticloadbalancing:us-east-1:331483783918:targetgroup/cloudpilot-tg/830c069d446edb7e","target_id":"i-0d4d40a4cfd29bc23"},"sensitive_values":{},"depends_on":["aws_instance.cloudpilot_ec2","aws_lb_target_group.cloudpilot_tg","aws_security_group.cloudpilot_sg","aws_subnet.cloudpilot_public_subnet_1","aws_vpc.cloudpilot_vpc"]},{"address":"aws_route_table.cloudpilot_public_rt","mode":"managed","type":"aws_route_table","name":"cloudpilot_public_rt","provider_name":"registry.terraform.io/hashicorp/aws","schema_version":0,"values":{"arn":"arn:aws:ec2:us-east-1:331483783918:route-table/rtb-0fed6952646ed7790","id":"rtb-0fed6952646ed7790","owner_id":"331483783918","propagating_vgws":[],"route":[{"carrier_gateway_id":"","cidr_block":"0.0.0.0/0","core_network_arn":"","destination_prefix_list_id":"","egress_only_gateway_id":"","gateway_id":"igw-0779c6a256d36c695","instance_id":"","ipv6_cidr_block":"","local_gateway_id":"","nat_gateway_id":"","network_interface_id":"","transit_gateway_id":"","vpc_endpoint_id":"","vpc_peering_connection_id":""}],"tags":{"Name":"cloudpilot_public_rt"},"tags_all":{"Name":"cloudpilot_public_rt"},"timeouts":null,"vpc_id":"vpc-04dcce1cc739f7766"},"sensitive_values":{"propagating_vgws":[],"route":[{}],"tags":{},"tags_all":{}},"depends_on":["aws_internet_gateway.cloudpilot_igw","aws_vpc.cloudpilot_vpc"]},{"address":"aws_route_table_association.cloudpilot_public_1_rt_assoc","mode":"managed","type":"aws_route_table_association","name":"cloudpilot_public_1_rt_assoc","provider_name":"registry.terraform.io/hashicorp/aws","schema_version":0,"values":{"gateway_id":"","id":"rtbassoc-06d7ba7340592d015","route_table_id":"rtb-0fed6952646ed7790","subnet_id":"subnet-03da59708a9c2b7e7","timeouts":null},"sensitive_values":{},"depends_on":["aws_internet_gateway.cloudpilot_igw","aws_route_table.cloudpilot_public_rt","aws_subnet.cloudpilot_public_subnet_1","aws_vpc.cloudpilot_vpc"]},{"address":"aws_route_table_association.cloudpilot_public_2_rt_assoc","mode":"managed","type":"aws_route_table_association","name":"cloudpilot_public_2_rt_assoc","provider_name":"registry.terraform.io/hashicorp/aws","schema_version":0,"values":{"gateway_id":"","id":"rtbassoc-00822316f43f71650","route_table_id":"rtb-0fed6952646ed7790","subnet_id":"subnet-0aa928ce699d55db3","timeouts":null},"sensitive_values":{},"depends_on":["aws_internet_gateway.cloudpilot_igw","aws_route_table.cloudpilot_public_rt","aws_subnet.cloudpilot_public_subnet_2","aws_vpc.cloudpilot_vpc"]},{"address":"aws_security_group.cloudpilot_sg","mode":"managed","type":"aws_security_group","name":"cloudpilot_sg","provider_name":"registry.terraform.io/hashicorp/aws","schema_version":1,"values":{"arn":"arn:aws:ec2:us-east-1:331483783918:security-group/sg-0cd353f76d7899054","description":"Security group for cloudpilot resources","egress":[{"cidr_blocks":["0.0.0.0/0"],"description":"","from_port":0,"ipv6_cidr_blocks":[],"prefix_list_ids":[],"protocol":"-1","security_groups":[],"self":false,"to_port":0}],"id":"sg-0cd353f76d7899054","ingress":[{"cidr_blocks":["0.0.0.0/0"],"description":"HTTP from anywhere","from_port":80,"ipv6_cidr_blocks":[],"prefix_list_ids":[],"protocol":"tcp","security_groups":[],"self":false,"to_port":80}],"name":"cloudpilot_sg","name_prefix":"","owner_id":"331483783918","revoke_rules_on_delete":false,"tags":{"Name":"cloudpilot_sg"},"tags_all":{"Name":"cloudpilot_sg"},"timeouts":null,"vpc_id":"vpc-04dcce1cc739f7766"},"sensitive_values":{"egress":[{"cidr_blocks":[false],"ipv6_cidr_blocks":[],"prefix_list_ids":[],"security_groups":[]}],"ingress":[{"cidr_blocks":[false],"ipv6_cidr_blocks":[],"prefix_list_ids":[],"security_groups":[]}],"tags":{},"tags_all":{}},"depends_on":["aws_vpc.cloudpilot_vpc"]},{"address":"aws_subnet.cloudpilot_private_subnet_1","mode":"managed","type":"aws_subnet","name":"cloudpilot_private_subnet_1","provider_name":"registry.terraform.io/hashicorp/aws","schema_version":1,"values":{"arn":"arn:aws:ec2:us-east-1:331483783918:subnet/subnet-0e1007b1f49b303bf","assign_ipv6_address_on_creation":false,"availability_zone":"us-east-1a","availability_zone_id":"use1-az6","cidr_block":"10.0.3.0/24","customer_owned_ipv4_pool":"","enable_dns64":false,"enable_lni_at_device_index":0,"enable_resource_name_dns_a_record_on_launch":false,"enable_resource_name_dns_aaaa_record_on_launch":false,"id":"subnet-0e1007b1f49b303bf","ipv6_cidr_block":"","ipv6_cidr_block_association_id":"","ipv6_native":false,"map_customer_owned_ip_on_launch":false,"map_public_ip_on_launch":false,"outpost_arn":"","owner_id":"331483783918","private_dns_hostname_type_on_launch":"ip-name","tags":{"Name":"cloudpilot_private_subnet_1"},"tags_all":{"Name":"cloudpilot_private_subnet_1"},"timeouts":null,"vpc_id":"vpc-04dcce1cc739f7766"},"sensitive_values":{"tags":{},"tags_all":{}},"depends_on":["aws_vpc.cloudpilot_vpc"]},{"address":"aws_subnet.cloudpilot_private_subnet_2","mode":"managed","type":"aws_subnet","name":"cloudpilot_private_subnet_2","provider_name":"registry.terraform.io/hashicorp/aws","schema_version":1,"values":{"arn":"arn:aws:ec2:us-east-1:331483783918:subnet/subnet-063c2112a88c93f60","assign_ipv6_address_on_creation":false,"availability_zone":"us-east-1b","availability_zone_id":"use1-az1","cidr_block":"10.0.4.0/24","customer_owned_ipv4_pool":"","enable_dns64":false,"enable_lni_at_device_index":0,"enable_resource_name_dns_a_record_on_launch":false,"enable_resource_name_dns_aaaa_record_on_launch":false,"id":"subnet-063c2112a88c93f60","ipv6_cidr_block":"","ipv6_cidr_block_association_id":"","ipv6_native":false,"map_customer_owned_ip_on_launch":false,"map_public_ip_on_launch":false,"outpost_arn":"","owner_id":"331483783918","private_dns_hostname_type_on_launch":"ip-name","tags":{"Name":"cloudpilot_private_subnet_2"},"tags_all":{"Name":"cloudpilot_private_subnet_2"},"timeouts":null,"vpc_id":"vpc-04dcce1cc739f7766"},"sensitive_values":{"tags":{},"tags_all":{}},"depends_on":["aws_vpc.cloudpilot_vpc"]},{"address":"aws_subnet.cloudpilot_public_subnet_1","mode":"managed","type":"aws_subnet","name":"cloudpilot_public_subnet_1","provider_name":"registry.terraform.io/hashicorp/aws","schema_version":1,"values":{"arn":"arn:aws:ec2:us-east-1:331483783918:subnet/subnet-03da59708a9c2b7e7","assign_ipv6_address_on_creation":false,"availability_zone":"us-east-1a","availability_zone_id":"use1-az6","cidr_block":"10.0.1.0/24","customer_owned_ipv4_pool":"","enable_dns64":false,"enable_lni_at_device_index":0,"enable_resource_name_dns_a_record_on_launch":false,"enable_resource_name_dns_aaaa_record_on_launch":false,"id":"subnet-03da59708a9c2b7e7","ipv6_cidr_block":"","ipv6_cidr_block_association_id":"","ipv6_native":false,"map_customer_owned_ip_on_launch":false,"map_public_ip_on_launch":false,"outpost_arn":"","owner_id":"331483783918","private_dns_hostname_type_on_launch":"ip-name","tags":{"Name":"cloudpilot_public_subnet_1"},"tags_all":{"Name":"cloudpilot_public_subnet_1"},"timeouts":null,"vpc_id":"vpc-04dcce1cc739f7766"},"sensitive_values":{"tags":{},"tags_all":{}},"depends_on":["aws_vpc.cloudpilot_vpc"]},{"address":"aws_subnet.cloudpilot_public_subnet_2","mode":"managed","type":"aws_subnet","name":"cloudpilot_public_subnet_2","provider_name":"registry.terraform.io/hashicorp/aws","schema_version":1,"values":{"arn":"arn:aws:ec2:us-east-1:331483783918:subnet/subnet-0aa928ce699d55db3","assign_ipv6_address_on_creation":false,"availability_zone":"us-east-1b","availability_zone_id":"use1-az1","cidr_block":"10.0.2.0/24","customer_owned_ipv4_pool":"","enable_dns64":false,"enable_lni_at_device_index":0,"enable_resource_name_dns_a_record_on_launch":false,"enable_resource_name_dns_aaaa_record_on_launch":false,"id":"subnet-0aa928ce699d55db3","ipv6_cidr_block":"","ipv6_cidr_block_association_id":"","ipv6_native":false,"map_customer_owned_ip_on_launch":false,"map_public_ip_on_launch":false,"outpost_arn":"","owner_id":"331483783918","private_dns_hostname_type_on_launch":"ip-name","tags":{"Name":"cloudpilot_public_subnet_2"},"tags_all":{"Name":"cloudpilot_public_subnet_2"},"timeouts":null,"vpc_id":"vpc-04dcce1cc739f7766"},"sensitive_values":{"tags":{},"tags_all":{}},"depends_on":["aws_vpc.cloudpilot_vpc"]},{"address":"aws_vpc.cloudpilot_vpc","mode":"managed","type":"aws_vpc","name":"cloudpilot_vpc","provider_name":"registry.terraform.io/hashicorp/aws","schema_version":1,"values":{"arn":"arn:aws:ec2:us-east-1:331483783918:vpc/vpc-04dcce1cc739f7766","assign_generated_ipv6_cidr_block":false,"cidr_block":"10.0.0.0/16","default_network_acl_id":"acl-036596a9a073be5b9","default_route_table_id":"rtb-0de0205118002a571","default_security_group_id":"sg-007d12fa4e7fa881c","dhcp_options_id":"dopt-0a13e3b6103130cf3","enable_classiclink":false,"enable_classiclink_dns_support":false,"enable_dns_hostnames":true,"enable_dns_support":true,"enable_network_address_usage_metrics":false,"id":"vpc-04dcce1cc739f7766","instance_tenancy":"default","ipv4_ipam_pool_id":null,"ipv4_netmask_length":null,"ipv6_association_id":"","ipv6_cidr_block":"","ipv6_cidr_block_network_border_group":"","ipv6_ipam_pool_id":"","ipv6_netmask_length":0,"main_route_table_id":"rtb-0de0205118002a571","owner_id":"331483783918","tags":{"Name":"cloudpilot_vpc"},"tags_all":{"Name":"cloudpilot_vpc"}},"sensitive_values":{"tags":{},"tags_all":{}}}]}}},"configuration":{"provider_config":{"aws":{"name":"aws","full_name":"registry.terraform.io/hashicorp/aws","version_constraint":"~\u003e 4.0","expressions":{"region":{"constant_value":"us-east-1"}}}},"root_module":{"resources":[{"address":"aws_instance.cloudpilot_ec2","mode":"managed","type":"aws_instance","name":"cloudpilot_ec2","provider_config_key":"aws","expressions":{"ami":{"constant_value":"ami-05b10e08d247fb927"},"instance_type":{"constant_value":"t2.micro"},"subnet_id":{"references":["aws_subnet.cloudpilot_public_subnet_1.id","aws_subnet.cloudpilot_public_subnet_1"]},"tags":{"constant_value":{"Name":"cloudpilot_ec2"}},"vpc_security_group_ids":{"references":["aws_security_group.cloudpilot_sg.id","aws_security_group.cloudpilot_sg"]}},"schema_version":1},{"address":"aws_internet_gateway.cloudpilot_igw","mode":"managed","type":"aws_internet_gateway","name":"cloudpilot_igw","provider_config_key":"aws","expressions":{"tags":{"constant_value":{"Name":"cloudpilot_igw"}},"vpc_id":{"references":["aws_vpc.cloudpilot_vpc.id","aws_vpc.cloudpilot_vpc"]}},"schema_version":0},{"address":"aws_lb.cloudpilot_alb","mode":"managed","type":"aws_lb","name":"cloudpilot_alb","provider_config_key":"aws","expressions":{"internal":{"constant_value":false},"load_balancer_type":{"constant_value":"application"},"name":{"constant_value":"cloudpilot-alb"},"security_groups":{"references":["aws_security_group.cloudpilot_sg.id","aws_security_group.cloudpilot_sg"]},"subnets":{"references":["aws_subnet.cloudpilot_public_subnet_1.id","aws_subnet.cloudpilot_public_subnet_1","aws_subnet.cloudpilot_public_subnet_2.id","aws_subnet.cloudpilot_public_subnet_2"]},"tags":{"constant_value":{"Name":"cloudpilot_alb"}}},"schema_version":0},{"address":"aws_lb_listener.cloudpilot_listener","mode":"managed","type":"aws_lb_listener","name":"cloudpilot_listener","provider_config_key":"aws","expressions":{"default_action":[{"target_group_arn":{"references":["aws_lb_target_group.cloudpilot_tg.arn","aws_lb_target_group.cloudpilot_tg"]},"type":{"constant_value":"forward"}}],"load_balancer_arn":{"references":["aws_lb.cloudpilot_alb.arn","aws_lb.cloudpilot_alb"]},"port":{"constant_value":"80"},"protocol":{"constant_value":"HTTP"}},"schema_version":0},{"address":"aws_lb_target_group.cloudpilot_tg","mode":"managed","type":"aws_lb_target_group","name":"cloudpilot_tg","provider_config_key":"aws","expressions":{"health_check":[{"healthy_threshold":{"constant_value":2},"path":{"constant_value":"/"},"unhealthy_threshold":{"constant_value":10}}],"name":{"constant_value":"cloudpilot-tg"},"port":{"constant_value":80},"protocol":{"constant_value":"HTTP"},"vpc_id":{"references":["aws_vpc.cloudpilot_vpc.id","aws_vpc.cloudpilot_vpc"]}},"schema_version":0},{"address":"aws_lb_target_group_attachment.cloudpilot_tg_attachment","mode":"managed","type":"aws_lb_target_group_attachment","name":"cloudpilot_tg_attachment","provider_config_key":"aws","expressions":{"port":{"constant_value":80},"target_group_arn":{"references":["aws_lb_target_group.cloudpilot_tg.arn","aws_lb_target_group.cloudpilot_tg"]},"target_id":{"references":["aws_instance.cloudpilot_ec2.id","aws_instance.cloudpilot_ec2"]}},"schema_version":0},{"address":"aws_route_table.cloudpilot_public_rt","mode":"managed","type":"aws_route_table","name":"cloudpilot_public_rt","provider_config_key":"aws","expressions":{"route":{"references":["aws_internet_gateway.cloudpilot_igw.id","aws_internet_gateway.cloudpilot_igw"]},"tags":{"constant_value":{"Name":"cloudpilot_public_rt"}},"vpc_id":{"references":["aws_vpc.cloudpilot_vpc.id","aws_vpc.cloudpilot_vpc"]}},"schema_version":0},{"address":"aws_route_table_association.cloudpilot_public_1_rt_assoc","mode":"managed","type":"aws_route_table_association","name":"cloudpilot_public_1_rt_assoc","provider_config_key":"aws","expressions":{"route_table_id":{"references":["aws_route_table.cloudpilot_public_rt.id","aws_route_table.cloudpilot_public_rt"]},"subnet_id":{"references":["aws_subnet.cloudpilot_public_subnet_1.id","aws_subnet.cloudpilot_public_subnet_1"]}},"schema_version":0},{"address":"aws_route_table_association.cloudpilot_public_2_rt_assoc","mode":"managed","type":"aws_route_table_association","name":"cloudpilot_public_2_rt_assoc","provider_config_key":"aws","expressions":{"route_table_id":{"references":["aws_route_table.cloudpilot_public_rt.id","aws_route_table.cloudpilot_public_rt"]},"subnet_id":{"references":["aws_subnet.cloudpilot_public_subnet_2.id","aws_subnet.cloudpilot_public_subnet_2"]}},"schema_version":0},{"address":"aws_security_group.cloudpilot_sg","mode":"managed","type":"aws_security_group","name":"cloudpilot_sg","provider_config_key":"aws","expressions":{"description":{"constant_value":"Security group for CloudPilot resources"},"egress":{"constant_value":[{"cidr_blocks":["0.0.0.0/0"],"description":null,"from_port":0,"ipv6_cidr_blocks":null,"prefix_list_ids":null,"protocol":"-1","security_groups":null,"self":null,"to_port":0}]},"ingress":{"constant_value":[{"cidr_blocks":["0.0.0.0/0"],"description":"HTTP from anywhere","from_port":80,"ipv6_cidr_blocks":null,"prefix_list_ids":null,"protocol":"tcp","security_groups":null,"self":null,"to_port":80}]},"name":{"constant_value":"cloudpilot_sg"},"tags":{"constant_value":{"Name":"cloudpilot_sg"}},"vpc_id":{"references":["aws_vpc.cloudpilot_vpc.id","aws_vpc.cloudpilot_vpc"]}},"schema_version":1},{"address":"aws_subnet.cloudpilot_private_subnet_1","mode":"managed","type":"aws_subnet","name":"cloudpilot_private_subnet_1","provider_config_key":"aws","expressions":{"availability_zone":{"constant_value":"us-east-1a"},"cidr_block":{"constant_value":"10.0.3.0/24"},"tags":{"constant_value":{"Name":"cloudpilot_private_subnet_1"}},"vpc_id":{"references":["aws_vpc.cloudpilot_vpc.id","aws_vpc.cloudpilot_vpc"]}},"schema_version":1},{"address":"aws_subnet.cloudpilot_private_subnet_2","mode":"managed","type":"aws_subnet","name":"cloudpilot_private_subnet_2","provider_config_key":"aws","expressions":{"availability_zone":{"constant_value":"us-east-1b"},"cidr_block":{"constant_value":"10.0.4.0/24"},"tags":{"constant_value":{"Name":"cloudpilot_private_subnet_2"}},"vpc_id":{"references":["aws_vpc.cloudpilot_vpc.id","aws_vpc.cloudpilot_vpc"]}},"schema_version":1},{"address":"aws_subnet.cloudpilot_public_subnet_1","mode":"managed","type":"aws_subnet","name":"cloudpilot_public_subnet_1","provider_config_key":"aws","expressions":{"availability_zone":{"constant_value":"us-east-1a"},"cidr_block":{"constant_value":"10.0.1.0/24"},"tags":{"constant_value":{"Name":"cloudpilot_public_subnet_1"}},"vpc_id":{"references":["aws_vpc.cloudpilot_vpc.id","aws_vpc.cloudpilot_vpc"]}},"schema_version":1},{"address":"aws_subnet.cloudpilot_public_subnet_2","mode":"managed","type":"aws_subnet","name":"cloudpilot_public_subnet_2","provider_config_key":"aws","expressions":{"availability_zone":{"constant_value":"us-east-1b"},"cidr_block":{"constant_value":"10.0.2.0/24"},"tags":{"constant_value":{"Name":"cloudpilot_public_subnet_2"}},"vpc_id":{"references":["aws_vpc.cloudpilot_vpc.id","aws_vpc.cloudpilot_vpc"]}},"schema_version":1},{"address":"aws_vpc.cloudpilot_vpc","mode":"managed","type":"aws_vpc","name":"cloudpilot_vpc","provider_config_key":"aws","expressions":{"cidr_block":{"constant_value":"10.0.0.0/16"},"enable_dns_hostnames":{"constant_value":true},"enable_dns_support":{"constant_value":true},"tags":{"constant_value":{"Name":"cloudpilot_vpc"}}},"schema_version":1}]}},"relevant_attributes":[{"resource":"aws_lb.cloudpilot_alb","attribute":["arn"]},{"resource":"aws_lb_target_group.cloudpilot_tg","attribute":["arn"]},{"resource":"aws_vpc.cloudpilot_vpc","attribute":["id"]},{"resource":"aws_security_group.cloudpilot_sg","attribute":["id"]},{"resource":"aws_subnet.cloudpilot_public_subnet_1","attribute":["id"]},{"resource":"aws_subnet.cloudpilot_public_subnet_2","attribute":["id"]}],"timestamp":"2025-03-03T23:41:53Z","applyable":true,"complete":true,"errored":false}
