{"format_version":"1.2","terraform_version":"1.10.5","planned_values":{"root_module":{"resources":[{"address":"aws_instance.cloudpilot_app_server","mode":"managed","type":"aws_instance","name":"cloudpilot_app_server","provider_name":"registry.terraform.io/hashicorp/aws","schema_version":1,"values":{"ami":"ami-05b10e08d247fb927","arn":"arn:aws:ec2:us-east-1:354568764032:instance/i-0ba22631cf613056e","associate_public_ip_address":true,"availability_zone":"us-east-1a","capacity_reservation_specification":[{"capacity_reservation_preference":"open","capacity_reservation_target":[]}],"cpu_core_count":1,"cpu_options":[{"amd_sev_snp":"","core_count":1,"threads_per_core":1}],"cpu_threads_per_core":1,"credit_specification":[{"cpu_credits":"standard"}],"disable_api_stop":false,"disable_api_termination":false,"ebs_block_device":[],"ebs_optimized":false,"enclave_options":[{"enabled":false}],"ephemeral_block_device":[],"get_password_data":false,"hibernation":false,"host_id":"","host_resource_group_arn":null,"iam_instance_profile":"","id":"i-0ba22631cf613056e","instance_initiated_shutdown_behavior":"stop","instance_state":"running","instance_type":"t2.micro","ipv6_address_count":0,"ipv6_addresses":[],"key_name":"","launch_template":[],"maintenance_options":[{"auto_recovery":"default"}],"metadata_options":[{"http_endpoint":"enabled","http_put_response_hop_limit":2,"http_tokens":"required","instance_metadata_tags":"disabled"}],"monitoring":false,"network_interface":[],"outpost_arn":"","password_data":"","placement_group":"","placement_partition_number":0,"primary_network_interface_id":"eni-0857897de0283d290","private_dns":"ip-10-0-1-89.ec2.internal","private_dns_name_options":[{"enable_resource_name_dns_a_record":false,"enable_resource_name_dns_aaaa_record":false,"hostname_type":"ip-name"}],"private_ip":"10.0.1.89","public_dns":"ec2-54-81-74-161.compute-1.amazonaws.com","public_ip":"54.81.74.161","root_block_device":[{"delete_on_termination":true,"device_name":"/dev/xvda","encrypted":false,"iops":3000,"kms_key_id":"","tags":{},"throughput":125,"volume_id":"vol-0843db549a25bbc3e","volume_size":8,"volume_type":"gp3"}],"secondary_private_ips":[],"security_groups":[],"source_dest_check":true,"subnet_id":"subnet-05aec01112a0bc3c8","tags":{"Name":"cloudpilot_app_server"},"tags_all":{"Name":"cloudpilot_app_server"},"tenancy":"default","timeouts":null,"user_data":null,"user_data_base64":null,"user_data_replace_on_change":false,"volume_tags":null,"vpc_security_group_ids":["sg-0cf2e562599fbc2d8"]},"sensitive_values":{"capacity_reservation_specification":[{"capacity_reservation_target":[]}],"cpu_options":[{}],"credit_specification":[{}],"ebs_block_device":[],"enclave_options":[{}],"ephemeral_block_device":[],"ipv6_addresses":[],"launch_template":[],"maintenance_options":[{}],"metadata_options":[{}],"network_interface":[],"private_dns_name_options":[{}],"root_block_device":[{"tags":{}}],"secondary_private_ips":[],"security_groups":[],"tags":{},"tags_all":{},"vpc_security_group_ids":[false]}},{"address":"aws_internet_gateway.cloudpilot_igw","mode":"managed","type":"aws_internet_gateway","name":"cloudpilot_igw","provider_name":"registry.terraform.io/hashicorp/aws","schema_version":0,"values":{"arn":"arn:aws:ec2:us-east-1:354568764032:internet-gateway/igw-019c68cbf7c9d5489","id":"igw-019c68cbf7c9d5489","owner_id":"354568764032","tags":{"Name":"cloudpilot_igw"},"tags_all":{"Name":"cloudpilot_igw"},"timeouts":null,"vpc_id":"vpc-0b4e0317f02233706"},"sensitive_values":{"tags":{},"tags_all":{}}},{"address":"aws_route_table.cloudpilot_public_rt","mode":"managed","type":"aws_route_table","name":"cloudpilot_public_rt","provider_name":"registry.terraform.io/hashicorp/aws","schema_version":0,"values":{"arn":"arn:aws:ec2:us-east-1:354568764032:route-table/rtb-05fcbf86ad8ca0881","id":"rtb-05fcbf86ad8ca0881","owner_id":"354568764032","propagating_vgws":[],"route":[{"carrier_gateway_id":"","cidr_block":"0.0.0.0/0","core_network_arn":"","destination_prefix_list_id":"","egress_only_gateway_id":"","gateway_id":"igw-019c68cbf7c9d5489","instance_id":"","ipv6_cidr_block":"","local_gateway_id":"","nat_gateway_id":"","network_interface_id":"","transit_gateway_id":"","vpc_endpoint_id":"","vpc_peering_connection_id":""}],"tags":{"Name":"cloudpilot_public_rt"},"tags_all":{"Name":"cloudpilot_public_rt"},"timeouts":null,"vpc_id":"vpc-0b4e0317f02233706"},"sensitive_values":{"propagating_vgws":[],"route":[{}],"tags":{},"tags_all":{}}},{"address":"aws_route_table_association.cloudpilot_public_rta","mode":"managed","type":"aws_route_table_association","name":"cloudpilot_public_rta","provider_name":"registry.terraform.io/hashicorp/aws","schema_version":0,"values":{"gateway_id":"","id":"rtbassoc-011a5124edf8df2b9","route_table_id":"rtb-05fcbf86ad8ca0881","subnet_id":"subnet-05aec01112a0bc3c8","timeouts":null},"sensitive_values":{}},{"address":"aws_s3_bucket.cloudpilot_bucket","mode":"managed","type":"aws_s3_bucket","name":"cloudpilot_bucket","provider_name":"registry.terraform.io/hashicorp/aws","schema_version":0,"values":{"bucket":"cloudpilot-app-bucket","force_destroy":false,"tags":{"Name":"cloudpilot_bucket"},"tags_all":{"Name":"cloudpilot_bucket"},"timeouts":null},"sensitive_values":{"cors_rule":[],"grant":[],"lifecycle_rule":[],"logging":[],"object_lock_configuration":[],"replication_configuration":[],"server_side_encryption_configuration":[],"tags":{},"tags_all":{},"versioning":[],"website":[]}},{"address":"aws_security_group.cloudpilot_sg","mode":"managed","type":"aws_security_group","name":"cloudpilot_sg","provider_name":"registry.terraform.io/hashicorp/aws","schema_version":1,"values":{"arn":"arn:aws:ec2:us-east-1:354568764032:security-group/sg-0cf2e562599fbc2d8","description":"Security group for app server","egress":[{"cidr_blocks":["0.0.0.0/0"],"description":"","from_port":0,"ipv6_cidr_blocks":[],"prefix_list_ids":[],"protocol":"-1","security_groups":[],"self":false,"to_port":0}],"id":"sg-0cf2e562599fbc2d8","ingress":[{"cidr_blocks":["0.0.0.0/0"],"description":"","from_port":80,"ipv6_cidr_blocks":[],"prefix_list_ids":[],"protocol":"tcp","security_groups":[],"self":false,"to_port":80}],"name":"cloudpilot_sg","name_prefix":"","owner_id":"354568764032","revoke_rules_on_delete":false,"tags":{"Name":"cloudpilot_sg"},"tags_all":{"Name":"cloudpilot_sg"},"timeouts":null,"vpc_id":"vpc-0b4e0317f02233706"},"sensitive_values":{"egress":[{"cidr_blocks":[false],"ipv6_cidr_blocks":[],"prefix_list_ids":[],"security_groups":[]}],"ingress":[{"cidr_blocks":[false],"ipv6_cidr_blocks":[],"prefix_list_ids":[],"security_groups":[]}],"tags":{},"tags_all":{}}},{"address":"aws_subnet.cloudpilot_public_subnet","mode":"managed","type":"aws_subnet","name":"cloudpilot_public_subnet","provider_name":"registry.terraform.io/hashicorp/aws","schema_version":1,"values":{"arn":"arn:aws:ec2:us-east-1:354568764032:subnet/subnet-05aec01112a0bc3c8","assign_ipv6_address_on_creation":false,"availability_zone":"us-east-1a","availability_zone_id":"use1-az6","cidr_block":"10.0.1.0/24","customer_owned_ipv4_pool":"","enable_dns64":false,"enable_lni_at_device_index":0,"enable_resource_name_dns_a_record_on_launch":false,"enable_resource_name_dns_aaaa_record_on_launch":false,"id":"subnet-05aec01112a0bc3c8","ipv6_cidr_block":"","ipv6_cidr_block_association_id":"","ipv6_native":false,"map_customer_owned_ip_on_launch":false,"map_public_ip_on_launch":false,"outpost_arn":"","owner_id":"354568764032","private_dns_hostname_type_on_launch":"ip-name","tags":{"Name":"cloudpilot_public_subnet"},"tags_all":{"Name":"cloudpilot_public_subnet"},"timeouts":null,"vpc_id":"vpc-0b4e0317f02233706"},"sensitive_values":{"tags":{},"tags_all":{}}},{"address":"aws_vpc.cloudpilot_vpc","mode":"managed","type":"aws_vpc","name":"cloudpilot_vpc","provider_name":"registry.terraform.io/hashicorp/aws","schema_version":1,"values":{"arn":"arn:aws:ec2:us-east-1:354568764032:vpc/vpc-0b4e0317f02233706","assign_generated_ipv6_cidr_block":false,"cidr_block":"10.0.0.0/16","default_network_acl_id":"acl-03dbabb51e895fd71","default_route_table_id":"rtb-03b28e92707b7755f","default_security_group_id":"sg-075828f85f8a23a02","dhcp_options_id":"dopt-09f9a323336f060ff","enable_classiclink":false,"enable_classiclink_dns_support":false,"enable_dns_hostnames":true,"enable_dns_support":true,"enable_network_address_usage_metrics":false,"id":"vpc-0b4e0317f02233706","instance_tenancy":"default","ipv4_ipam_pool_id":null,"ipv4_netmask_length":null,"ipv6_association_id":"","ipv6_cidr_block":"","ipv6_cidr_block_network_border_group":"","ipv6_ipam_pool_id":"","ipv6_netmask_length":0,"main_route_table_id":"rtb-03b28e92707b7755f","owner_id":"354568764032","tags":{"Name":"cloudpilot_vpc"},"tags_all":{"Name":"cloudpilot_vpc"}},"sensitive_values":{"tags":{},"tags_all":{}}}]}},"resource_changes":[{"address":"aws_instance.cloudpilot_app_server","mode":"managed","type":"aws_instance","name":"cloudpilot_app_server","provider_name":"registry.terraform.io/hashicorp/aws","change":{"actions":["no-op"],"before":{"ami":"ami-05b10e08d247fb927","arn":"arn:aws:ec2:us-east-1:354568764032:instance/i-0ba22631cf613056e","associate_public_ip_address":true,"availability_zone":"us-east-1a","capacity_reservation_specification":[{"capacity_reservation_preference":"open","capacity_reservation_target":[]}],"cpu_core_count":1,"cpu_options":[{"amd_sev_snp":"","core_count":1,"threads_per_core":1}],"cpu_threads_per_core":1,"credit_specification":[{"cpu_credits":"standard"}],"disable_api_stop":false,"disable_api_termination":false,"ebs_block_device":[],"ebs_optimized":false,"enclave_options":[{"enabled":false}],"ephemeral_block_device":[],"get_password_data":false,"hibernation":false,"host_id":"","host_resource_group_arn":null,"iam_instance_profile":"","id":"i-0ba22631cf613056e","instance_initiated_shutdown_behavior":"stop","instance_state":"running","instance_type":"t2.micro","ipv6_address_count":0,"ipv6_addresses":[],"key_name":"","launch_template":[],"maintenance_options":[{"auto_recovery":"default"}],"metadata_options":[{"http_endpoint":"enabled","http_put_response_hop_limit":2,"http_tokens":"required","instance_metadata_tags":"disabled"}],"monitoring":false,"network_interface":[],"outpost_arn":"","password_data":"","placement_group":"","placement_partition_number":0,"primary_network_interface_id":"eni-0857897de0283d290","private_dns":"ip-10-0-1-89.ec2.internal","private_dns_name_options":[{"enable_resource_name_dns_a_record":false,"enable_resource_name_dns_aaaa_record":false,"hostname_type":"ip-name"}],"private_ip":"10.0.1.89","public_dns":"ec2-54-81-74-161.compute-1.amazonaws.com","public_ip":"54.81.74.161","root_block_device":[{"delete_on_termination":true,"device_name":"/dev/xvda","encrypted":false,"iops":3000,"kms_key_id":"","tags":{},"throughput":125,"volume_id":"vol-0843db549a25bbc3e","volume_size":8,"volume_type":"gp3"}],"secondary_private_ips":[],"security_groups":[],"source_dest_check":true,"subnet_id":"subnet-05aec01112a0bc3c8","tags":{"Name":"cloudpilot_app_server"},"tags_all":{"Name":"cloudpilot_app_server"},"tenancy":"default","timeouts":null,"user_data":null,"user_data_base64":null,"user_data_replace_on_change":false,"volume_tags":null,"vpc_security_group_ids":["sg-0cf2e562599fbc2d8"]},"after":{"ami":"ami-05b10e08d247fb927","arn":"arn:aws:ec2:us-east-1:354568764032:instance/i-0ba22631cf613056e","associate_public_ip_address":true,"availability_zone":"us-east-1a","capacity_reservation_specification":[{"capacity_reservation_preference":"open","capacity_reservation_target":[]}],"cpu_core_count":1,"cpu_options":[{"amd_sev_snp":"","core_count":1,"threads_per_core":1}],"cpu_threads_per_core":1,"credit_specification":[{"cpu_credits":"standard"}],"disable_api_stop":false,"disable_api_termination":false,"ebs_block_device":[],"ebs_optimized":false,"enclave_options":[{"enabled":false}],"ephemeral_block_device":[],"get_password_data":false,"hibernation":false,"host_id":"","host_resource_group_arn":null,"iam_instance_profile":"","id":"i-0ba22631cf613056e","instance_initiated_shutdown_behavior":"stop","instance_state":"running","instance_type":"t2.micro","ipv6_address_count":0,"ipv6_addresses":[],"key_name":"","launch_template":[],"maintenance_options":[{"auto_recovery":"default"}],"metadata_options":[{"http_endpoint":"enabled","http_put_response_hop_limit":2,"http_tokens":"required","instance_metadata_tags":"disabled"}],"monitoring":false,"network_interface":[],"outpost_arn":"","password_data":"","placement_group":"","placement_partition_number":0,"primary_network_interface_id":"eni-0857897de0283d290","private_dns":"ip-10-0-1-89.ec2.internal","private_dns_name_options":[{"enable_resource_name_dns_a_record":false,"enable_resource_name_dns_aaaa_record":false,"hostname_type":"ip-name"}],"private_ip":"10.0.1.89","public_dns":"ec2-54-81-74-161.compute-1.amazonaws.com","public_ip":"54.81.74.161","root_block_device":[{"delete_on_termination":true,"device_name":"/dev/xvda","encrypted":false,"iops":3000,"kms_key_id":"","tags":{},"throughput":125,"volume_id":"vol-0843db549a25bbc3e","volume_size":8,"volume_type":"gp3"}],"secondary_private_ips":[],"security_groups":[],"source_dest_check":true,"subnet_id":"subnet-05aec01112a0bc3c8","tags":{"Name":"cloudpilot_app_server"},"tags_all":{"Name":"cloudpilot_app_server"},"tenancy":"default","timeouts":null,"user_data":null,"user_data_base64":null,"user_data_replace_on_change":false,"volume_tags":null,"vpc_security_group_ids":["sg-0cf2e562599fbc2d8"]},"after_unknown":{},"before_sensitive":{"capacity_reservation_specification":[{"capacity_reservation_target":[]}],"cpu_options":[{}],"credit_specification":[{}],"ebs_block_device":[],"enclave_options":[{}],"ephemeral_block_device":[],"ipv6_addresses":[],"launch_template":[],"maintenance_options":[{}],"metadata_options":[{}],"network_interface":[],"private_dns_name_options":[{}],"root_block_device":[{"tags":{}}],"secondary_private_ips":[],"security_groups":[],"tags":{},"tags_all":{},"vpc_security_group_ids":[false]},"after_sensitive":{"capacity_reservation_specification":[{"capacity_reservation_target":[]}],"cpu_options":[{}],"credit_specification":[{}],"ebs_block_device":[],"enclave_options":[{}],"ephemeral_block_device":[],"ipv6_addresses":[],"launch_template":[],"maintenance_options":[{}],"metadata_options":[{}],"network_interface":[],"private_dns_name_options":[{}],"root_block_device":[{"tags":{}}],"secondary_private_ips":[],"security_groups":[],"tags":{},"tags_all":{},"vpc_security_group_ids":[false]}}},{"address":"aws_internet_gateway.cloudpilot_igw","mode":"managed","type":"aws_internet_gateway","name":"cloudpilot_igw","provider_name":"registry.terraform.io/hashicorp/aws","change":{"actions":["no-op"],"before":{"arn":"arn:aws:ec2:us-east-1:354568764032:internet-gateway/igw-019c68cbf7c9d5489","id":"igw-019c68cbf7c9d5489","owner_id":"354568764032","tags":{"Name":"cloudpilot_igw"},"tags_all":{"Name":"cloudpilot_igw"},"timeouts":null,"vpc_id":"vpc-0b4e0317f02233706"},"after":{"arn":"arn:aws:ec2:us-east-1:354568764032:internet-gateway/igw-019c68cbf7c9d5489","id":"igw-019c68cbf7c9d5489","owner_id":"354568764032","tags":{"Name":"cloudpilot_igw"},"tags_all":{"Name":"cloudpilot_igw"},"timeouts":null,"vpc_id":"vpc-0b4e0317f02233706"},"after_unknown":{},"before_sensitive":{"tags":{},"tags_all":{}},"after_sensitive":{"tags":{},"tags_all":{}}}},{"address":"aws_route_table.cloudpilot_public_rt","mode":"managed","type":"aws_route_table","name":"cloudpilot_public_rt","provider_name":"registry.terraform.io/hashicorp/aws","change":{"actions":["no-op"],"before":{"arn":"arn:aws:ec2:us-east-1:354568764032:route-table/rtb-05fcbf86ad8ca0881","id":"rtb-05fcbf86ad8ca0881","owner_id":"354568764032","propagating_vgws":[],"route":[{"carrier_gateway_id":"","cidr_block":"0.0.0.0/0","core_network_arn":"","destination_prefix_list_id":"","egress_only_gateway_id":"","gateway_id":"igw-019c68cbf7c9d5489","instance_id":"","ipv6_cidr_block":"","local_gateway_id":"","nat_gateway_id":"","network_interface_id":"","transit_gateway_id":"","vpc_endpoint_id":"","vpc_peering_connection_id":""}],"tags":{"Name":"cloudpilot_public_rt"},"tags_all":{"Name":"cloudpilot_public_rt"},"timeouts":null,"vpc_id":"vpc-0b4e0317f02233706"},"after":{"arn":"arn:aws:ec2:us-east-1:354568764032:route-table/rtb-05fcbf86ad8ca0881","id":"rtb-05fcbf86ad8ca0881","owner_id":"354568764032","propagating_vgws":[],"route":[{"carrier_gateway_id":"","cidr_block":"0.0.0.0/0","core_network_arn":"","destination_prefix_list_id":"","egress_only_gateway_id":"","gateway_id":"igw-019c68cbf7c9d5489","instance_id":"","ipv6_cidr_block":"","local_gateway_id":"","nat_gateway_id":"","network_interface_id":"","transit_gateway_id":"","vpc_endpoint_id":"","vpc_peering_connection_id":""}],"tags":{"Name":"cloudpilot_public_rt"},"tags_all":{"Name":"cloudpilot_public_rt"},"timeouts":null,"vpc_id":"vpc-0b4e0317f02233706"},"after_unknown":{},"before_sensitive":{"propagating_vgws":[],"route":[{}],"tags":{},"tags_all":{}},"after_sensitive":{"propagating_vgws":[],"route":[{}],"tags":{},"tags_all":{}}}},{"address":"aws_route_table_association.cloudpilot_public_rta","mode":"managed","type":"aws_route_table_association","name":"cloudpilot_public_rta","provider_name":"registry.terraform.io/hashicorp/aws","change":{"actions":["no-op"],"before":{"gateway_id":"","id":"rtbassoc-011a5124edf8df2b9","route_table_id":"rtb-05fcbf86ad8ca0881","subnet_id":"subnet-05aec01112a0bc3c8","timeouts":null},"after":{"gateway_id":"","id":"rtbassoc-011a5124edf8df2b9","route_table_id":"rtb-05fcbf86ad8ca0881","subnet_id":"subnet-05aec01112a0bc3c8","timeouts":null},"after_unknown":{},"before_sensitive":{},"after_sensitive":{}}},{"address":"aws_s3_bucket.cloudpilot_bucket","mode":"managed","type":"aws_s3_bucket","name":"cloudpilot_bucket","provider_name":"registry.terraform.io/hashicorp/aws","change":{"actions":["create"],"before":null,"after":{"bucket":"cloudpilot-app-bucket","force_destroy":false,"tags":{"Name":"cloudpilot_bucket"},"tags_all":{"Name":"cloudpilot_bucket"},"timeouts":null},"after_unknown":{"acceleration_status":true,"acl":true,"arn":true,"bucket_domain_name":true,"bucket_prefix":true,"bucket_regional_domain_name":true,"cors_rule":true,"grant":true,"hosted_zone_id":true,"id":true,"lifecycle_rule":true,"logging":true,"object_lock_configuration":true,"object_lock_enabled":true,"policy":true,"region":true,"replication_configuration":true,"request_payer":true,"server_side_encryption_configuration":true,"tags":{},"tags_all":{},"versioning":true,"website":true,"website_domain":true,"website_endpoint":true},"before_sensitive":false,"after_sensitive":{"cors_rule":[],"grant":[],"lifecycle_rule":[],"logging":[],"object_lock_configuration":[],"replication_configuration":[],"server_side_encryption_configuration":[],"tags":{},"tags_all":{},"versioning":[],"website":[]}}},{"address":"aws_security_group.cloudpilot_sg","mode":"managed","type":"aws_security_group","name":"cloudpilot_sg","provider_name":"registry.terraform.io/hashicorp/aws","change":{"actions":["no-op"],"before":{"arn":"arn:aws:ec2:us-east-1:354568764032:security-group/sg-0cf2e562599fbc2d8","description":"Security group for app server","egress":[{"cidr_blocks":["0.0.0.0/0"],"description":"","from_port":0,"ipv6_cidr_blocks":[],"prefix_list_ids":[],"protocol":"-1","security_groups":[],"self":false,"to_port":0}],"id":"sg-0cf2e562599fbc2d8","ingress":[{"cidr_blocks":["0.0.0.0/0"],"description":"","from_port":80,"ipv6_cidr_blocks":[],"prefix_list_ids":[],"protocol":"tcp","security_groups":[],"self":false,"to_port":80}],"name":"cloudpilot_sg","name_prefix":"","owner_id":"354568764032","revoke_rules_on_delete":false,"tags":{"Name":"cloudpilot_sg"},"tags_all":{"Name":"cloudpilot_sg"},"timeouts":null,"vpc_id":"vpc-0b4e0317f02233706"},"after":{"arn":"arn:aws:ec2:us-east-1:354568764032:security-group/sg-0cf2e562599fbc2d8","description":"Security group for app server","egress":[{"cidr_blocks":["0.0.0.0/0"],"description":"","from_port":0,"ipv6_cidr_blocks":[],"prefix_list_ids":[],"protocol":"-1","security_groups":[],"self":false,"to_port":0}],"id":"sg-0cf2e562599fbc2d8","ingress":[{"cidr_blocks":["0.0.0.0/0"],"description":"","from_port":80,"ipv6_cidr_blocks":[],"prefix_list_ids":[],"protocol":"tcp","security_groups":[],"self":false,"to_port":80}],"name":"cloudpilot_sg","name_prefix":"","owner_id":"354568764032","revoke_rules_on_delete":false,"tags":{"Name":"cloudpilot_sg"},"tags_all":{"Name":"cloudpilot_sg"},"timeouts":null,"vpc_id":"vpc-0b4e0317f02233706"},"after_unknown":{},"before_sensitive":{"egress":[{"cidr_blocks":[false],"ipv6_cidr_blocks":[],"prefix_list_ids":[],"security_groups":[]}],"ingress":[{"cidr_blocks":[false],"ipv6_cidr_blocks":[],"prefix_list_ids":[],"security_groups":[]}],"tags":{},"tags_all":{}},"after_sensitive":{"egress":[{"cidr_blocks":[false],"ipv6_cidr_blocks":[],"prefix_list_ids":[],"security_groups":[]}],"ingress":[{"cidr_blocks":[false],"ipv6_cidr_blocks":[],"prefix_list_ids":[],"security_groups":[]}],"tags":{},"tags_all":{}}}},{"address":"aws_subnet.cloudpilot_public_subnet","mode":"managed","type":"aws_subnet","name":"cloudpilot_public_subnet","provider_name":"registry.terraform.io/hashicorp/aws","change":{"actions":["no-op"],"before":{"arn":"arn:aws:ec2:us-east-1:354568764032:subnet/subnet-05aec01112a0bc3c8","assign_ipv6_address_on_creation":false,"availability_zone":"us-east-1a","availability_zone_id":"use1-az6","cidr_block":"10.0.1.0/24","customer_owned_ipv4_pool":"","enable_dns64":false,"enable_lni_at_device_index":0,"enable_resource_name_dns_a_record_on_launch":false,"enable_resource_name_dns_aaaa_record_on_launch":false,"id":"subnet-05aec01112a0bc3c8","ipv6_cidr_block":"","ipv6_cidr_block_association_id":"","ipv6_native":false,"map_customer_owned_ip_on_launch":false,"map_public_ip_on_launch":false,"outpost_arn":"","owner_id":"354568764032","private_dns_hostname_type_on_launch":"ip-name","tags":{"Name":"cloudpilot_public_subnet"},"tags_all":{"Name":"cloudpilot_public_subnet"},"timeouts":null,"vpc_id":"vpc-0b4e0317f02233706"},"after":{"arn":"arn:aws:ec2:us-east-1:354568764032:subnet/subnet-05aec01112a0bc3c8","assign_ipv6_address_on_creation":false,"availability_zone":"us-east-1a","availability_zone_id":"use1-az6","cidr_block":"10.0.1.0/24","customer_owned_ipv4_pool":"","enable_dns64":false,"enable_lni_at_device_index":0,"enable_resource_name_dns_a_record_on_launch":false,"enable_resource_name_dns_aaaa_record_on_launch":false,"id":"subnet-05aec01112a0bc3c8","ipv6_cidr_block":"","ipv6_cidr_block_association_id":"","ipv6_native":false,"map_customer_owned_ip_on_launch":false,"map_public_ip_on_launch":false,"outpost_arn":"","owner_id":"354568764032","private_dns_hostname_type_on_launch":"ip-name","tags":{"Name":"cloudpilot_public_subnet"},"tags_all":{"Name":"cloudpilot_public_subnet"},"timeouts":null,"vpc_id":"vpc-0b4e0317f02233706"},"after_unknown":{},"before_sensitive":{"tags":{},"tags_all":{}},"after_sensitive":{"tags":{},"tags_all":{}}}},{"address":"aws_vpc.cloudpilot_vpc","mode":"managed","type":"aws_vpc","name":"cloudpilot_vpc","provider_name":"registry.terraform.io/hashicorp/aws","change":{"actions":["no-op"],"before":{"arn":"arn:aws:ec2:us-east-1:354568764032:vpc/vpc-0b4e0317f02233706","assign_generated_ipv6_cidr_block":false,"cidr_block":"10.0.0.0/16","default_network_acl_id":"acl-03dbabb51e895fd71","default_route_table_id":"rtb-03b28e92707b7755f","default_security_group_id":"sg-075828f85f8a23a02","dhcp_options_id":"dopt-09f9a323336f060ff","enable_classiclink":false,"enable_classiclink_dns_support":false,"enable_dns_hostnames":true,"enable_dns_support":true,"enable_network_address_usage_metrics":false,"id":"vpc-0b4e0317f02233706","instance_tenancy":"default","ipv4_ipam_pool_id":null,"ipv4_netmask_length":null,"ipv6_association_id":"","ipv6_cidr_block":"","ipv6_cidr_block_network_border_group":"","ipv6_ipam_pool_id":"","ipv6_netmask_length":0,"main_route_table_id":"rtb-03b28e92707b7755f","owner_id":"354568764032","tags":{"Name":"cloudpilot_vpc"},"tags_all":{"Name":"cloudpilot_vpc"}},"after":{"arn":"arn:aws:ec2:us-east-1:354568764032:vpc/vpc-0b4e0317f02233706","assign_generated_ipv6_cidr_block":false,"cidr_block":"10.0.0.0/16","default_network_acl_id":"acl-03dbabb51e895fd71","default_route_table_id":"rtb-03b28e92707b7755f","default_security_group_id":"sg-075828f85f8a23a02","dhcp_options_id":"dopt-09f9a323336f060ff","enable_classiclink":false,"enable_classiclink_dns_support":false,"enable_dns_hostnames":true,"enable_dns_support":true,"enable_network_address_usage_metrics":false,"id":"vpc-0b4e0317f02233706","instance_tenancy":"default","ipv4_ipam_pool_id":null,"ipv4_netmask_length":null,"ipv6_association_id":"","ipv6_cidr_block":"","ipv6_cidr_block_network_border_group":"","ipv6_ipam_pool_id":"","ipv6_netmask_length":0,"main_route_table_id":"rtb-03b28e92707b7755f","owner_id":"354568764032","tags":{"Name":"cloudpilot_vpc"},"tags_all":{"Name":"cloudpilot_vpc"}},"after_unknown":{},"before_sensitive":{"tags":{},"tags_all":{}},"after_sensitive":{"tags":{},"tags_all":{}}}}],"prior_state":{"format_version":"1.0","terraform_version":"1.10.5","values":{"root_module":{"resources":[{"address":"aws_instance.cloudpilot_app_server","mode":"managed","type":"aws_instance","name":"cloudpilot_app_server","provider_name":"registry.terraform.io/hashicorp/aws","schema_version":1,"values":{"ami":"ami-05b10e08d247fb927","arn":"arn:aws:ec2:us-east-1:354568764032:instance/i-0ba22631cf613056e","associate_public_ip_address":true,"availability_zone":"us-east-1a","capacity_reservation_specification":[{"capacity_reservation_preference":"open","capacity_reservation_target":[]}],"cpu_core_count":1,"cpu_options":[{"amd_sev_snp":"","core_count":1,"threads_per_core":1}],"cpu_threads_per_core":1,"credit_specification":[{"cpu_credits":"standard"}],"disable_api_stop":false,"disable_api_termination":false,"ebs_block_device":[],"ebs_optimized":false,"enclave_options":[{"enabled":false}],"ephemeral_block_device":[],"get_password_data":false,"hibernation":false,"host_id":"","host_resource_group_arn":null,"iam_instance_profile":"","id":"i-0ba22631cf613056e","instance_initiated_shutdown_behavior":"stop","instance_state":"running","instance_type":"t2.micro","ipv6_address_count":0,"ipv6_addresses":[],"key_name":"","launch_template":[],"maintenance_options":[{"auto_recovery":"default"}],"metadata_options":[{"http_endpoint":"enabled","http_put_response_hop_limit":2,"http_tokens":"required","instance_metadata_tags":"disabled"}],"monitoring":false,"network_interface":[],"outpost_arn":"","password_data":"","placement_group":"","placement_partition_number":0,"primary_network_interface_id":"eni-0857897de0283d290","private_dns":"ip-10-0-1-89.ec2.internal","private_dns_name_options":[{"enable_resource_name_dns_a_record":false,"enable_resource_name_dns_aaaa_record":false,"hostname_type":"ip-name"}],"private_ip":"10.0.1.89","public_dns":"ec2-54-81-74-161.compute-1.amazonaws.com","public_ip":"54.81.74.161","root_block_device":[{"delete_on_termination":true,"device_name":"/dev/xvda","encrypted":false,"iops":3000,"kms_key_id":"","tags":{},"throughput":125,"volume_id":"vol-0843db549a25bbc3e","volume_size":8,"volume_type":"gp3"}],"secondary_private_ips":[],"security_groups":[],"source_dest_check":true,"subnet_id":"subnet-05aec01112a0bc3c8","tags":{"Name":"cloudpilot_app_server"},"tags_all":{"Name":"cloudpilot_app_server"},"tenancy":"default","timeouts":null,"user_data":null,"user_data_base64":null,"user_data_replace_on_change":false,"volume_tags":null,"vpc_security_group_ids":["sg-0cf2e562599fbc2d8"]},"sensitive_values":{"capacity_reservation_specification":[{"capacity_reservation_target":[]}],"cpu_options":[{}],"credit_specification":[{}],"ebs_block_device":[],"enclave_options":[{}],"ephemeral_block_device":[],"ipv6_addresses":[],"launch_template":[],"maintenance_options":[{}],"metadata_options":[{}],"network_interface":[],"private_dns_name_options":[{}],"root_block_device":[{"tags":{}}],"secondary_private_ips":[],"security_groups":[],"tags":{},"tags_all":{},"vpc_security_group_ids":[false]},"depends_on":["aws_security_group.cloudpilot_sg","aws_subnet.cloudpilot_public_subnet","aws_vpc.cloudpilot_vpc"]},{"address":"aws_internet_gateway.cloudpilot_igw","mode":"managed","type":"aws_internet_gateway","name":"cloudpilot_igw","provider_name":"registry.terraform.io/hashicorp/aws","schema_version":0,"values":{"arn":"arn:aws:ec2:us-east-1:354568764032:internet-gateway/igw-019c68cbf7c9d5489","id":"igw-019c68cbf7c9d5489","owner_id":"354568764032","tags":{"Name":"cloudpilot_igw"},"tags_all":{"Name":"cloudpilot_igw"},"timeouts":null,"vpc_id":"vpc-0b4e0317f02233706"},"sensitive_values":{"tags":{},"tags_all":{}},"depends_on":["aws_vpc.cloudpilot_vpc"]},{"address":"aws_route_table.cloudpilot_public_rt","mode":"managed","type":"aws_route_table","name":"cloudpilot_public_rt","provider_name":"registry.terraform.io/hashicorp/aws","schema_version":0,"values":{"arn":"arn:aws:ec2:us-east-1:354568764032:route-table/rtb-05fcbf86ad8ca0881","id":"rtb-05fcbf86ad8ca0881","owner_id":"354568764032","propagating_vgws":[],"route":[{"carrier_gateway_id":"","cidr_block":"0.0.0.0/0","core_network_arn":"","destination_prefix_list_id":"","egress_only_gateway_id":"","gateway_id":"igw-019c68cbf7c9d5489","instance_id":"","ipv6_cidr_block":"","local_gateway_id":"","nat_gateway_id":"","network_interface_id":"","transit_gateway_id":"","vpc_endpoint_id":"","vpc_peering_connection_id":""}],"tags":{"Name":"cloudpilot_public_rt"},"tags_all":{"Name":"cloudpilot_public_rt"},"timeouts":null,"vpc_id":"vpc-0b4e0317f02233706"},"sensitive_values":{"propagating_vgws":[],"route":[{}],"tags":{},"tags_all":{}},"depends_on":["aws_internet_gateway.cloudpilot_igw","aws_vpc.cloudpilot_vpc"]},{"address":"aws_route_table_association.cloudpilot_public_rta","mode":"managed","type":"aws_route_table_association","name":"cloudpilot_public_rta","provider_name":"registry.terraform.io/hashicorp/aws","schema_version":0,"values":{"gateway_id":"","id":"rtbassoc-011a5124edf8df2b9","route_table_id":"rtb-05fcbf86ad8ca0881","subnet_id":"subnet-05aec01112a0bc3c8","timeouts":null},"sensitive_values":{},"depends_on":["aws_internet_gateway.cloudpilot_igw","aws_route_table.cloudpilot_public_rt","aws_subnet.cloudpilot_public_subnet","aws_vpc.cloudpilot_vpc"]},{"address":"aws_security_group.cloudpilot_sg","mode":"managed","type":"aws_security_group","name":"cloudpilot_sg","provider_name":"registry.terraform.io/hashicorp/aws","schema_version":1,"values":{"arn":"arn:aws:ec2:us-east-1:354568764032:security-group/sg-0cf2e562599fbc2d8","description":"Security group for app server","egress":[{"cidr_blocks":["0.0.0.0/0"],"description":"","from_port":0,"ipv6_cidr_blocks":[],"prefix_list_ids":[],"protocol":"-1","security_groups":[],"self":false,"to_port":0}],"id":"sg-0cf2e562599fbc2d8","ingress":[{"cidr_blocks":["0.0.0.0/0"],"description":"","from_port":80,"ipv6_cidr_blocks":[],"prefix_list_ids":[],"protocol":"tcp","security_groups":[],"self":false,"to_port":80}],"name":"cloudpilot_sg","name_prefix":"","owner_id":"354568764032","revoke_rules_on_delete":false,"tags":{"Name":"cloudpilot_sg"},"tags_all":{"Name":"cloudpilot_sg"},"timeouts":null,"vpc_id":"vpc-0b4e0317f02233706"},"sensitive_values":{"egress":[{"cidr_blocks":[false],"ipv6_cidr_blocks":[],"prefix_list_ids":[],"security_groups":[]}],"ingress":[{"cidr_blocks":[false],"ipv6_cidr_blocks":[],"prefix_list_ids":[],"security_groups":[]}],"tags":{},"tags_all":{}},"depends_on":["aws_vpc.cloudpilot_vpc"]},{"address":"aws_subnet.cloudpilot_public_subnet","mode":"managed","type":"aws_subnet","name":"cloudpilot_public_subnet","provider_name":"registry.terraform.io/hashicorp/aws","schema_version":1,"values":{"arn":"arn:aws:ec2:us-east-1:354568764032:subnet/subnet-05aec01112a0bc3c8","assign_ipv6_address_on_creation":false,"availability_zone":"us-east-1a","availability_zone_id":"use1-az6","cidr_block":"10.0.1.0/24","customer_owned_ipv4_pool":"","enable_dns64":false,"enable_lni_at_device_index":0,"enable_resource_name_dns_a_record_on_launch":false,"enable_resource_name_dns_aaaa_record_on_launch":false,"id":"subnet-05aec01112a0bc3c8","ipv6_cidr_block":"","ipv6_cidr_block_association_id":"","ipv6_native":false,"map_customer_owned_ip_on_launch":false,"map_public_ip_on_launch":false,"outpost_arn":"","owner_id":"354568764032","private_dns_hostname_type_on_launch":"ip-name","tags":{"Name":"cloudpilot_public_subnet"},"tags_all":{"Name":"cloudpilot_public_subnet"},"timeouts":null,"vpc_id":"vpc-0b4e0317f02233706"},"sensitive_values":{"tags":{},"tags_all":{}},"depends_on":["aws_vpc.cloudpilot_vpc"]},{"address":"aws_vpc.cloudpilot_vpc","mode":"managed","type":"aws_vpc","name":"cloudpilot_vpc","provider_name":"registry.terraform.io/hashicorp/aws","schema_version":1,"values":{"arn":"arn:aws:ec2:us-east-1:354568764032:vpc/vpc-0b4e0317f02233706","assign_generated_ipv6_cidr_block":false,"cidr_block":"10.0.0.0/16","default_network_acl_id":"acl-03dbabb51e895fd71","default_route_table_id":"rtb-03b28e92707b7755f","default_security_group_id":"sg-075828f85f8a23a02","dhcp_options_id":"dopt-09f9a323336f060ff","enable_classiclink":false,"enable_classiclink_dns_support":false,"enable_dns_hostnames":true,"enable_dns_support":true,"enable_network_address_usage_metrics":false,"id":"vpc-0b4e0317f02233706","instance_tenancy":"default","ipv4_ipam_pool_id":null,"ipv4_netmask_length":null,"ipv6_association_id":"","ipv6_cidr_block":"","ipv6_cidr_block_network_border_group":"","ipv6_ipam_pool_id":"","ipv6_netmask_length":0,"main_route_table_id":"rtb-03b28e92707b7755f","owner_id":"354568764032","tags":{"Name":"cloudpilot_vpc"},"tags_all":{"Name":"cloudpilot_vpc"}},"sensitive_values":{"tags":{},"tags_all":{}}}]}}},"configuration":{"provider_config":{"aws":{"name":"aws","full_name":"registry.terraform.io/hashicorp/aws","version_constraint":"~\u003e 4.0","expressions":{"region":{"constant_value":"us-east-1"}}}},"root_module":{"resources":[{"address":"aws_instance.cloudpilot_app_server","mode":"managed","type":"aws_instance","name":"cloudpilot_app_server","provider_config_key":"aws","expressions":{"ami":{"constant_value":"ami-05b10e08d247fb927"},"instance_type":{"constant_value":"t2.micro"},"subnet_id":{"references":["aws_subnet.cloudpilot_public_subnet.id","aws_subnet.cloudpilot_public_subnet"]},"tags":{"constant_value":{"Name":"cloudpilot_app_server"}},"vpc_security_group_ids":{"references":["aws_security_group.cloudpilot_sg.id","aws_security_group.cloudpilot_sg"]}},"schema_version":1},{"address":"aws_internet_gateway.cloudpilot_igw","mode":"managed","type":"aws_internet_gateway","name":"cloudpilot_igw","provider_config_key":"aws","expressions":{"tags":{"constant_value":{"Name":"cloudpilot_igw"}},"vpc_id":{"references":["aws_vpc.cloudpilot_vpc.id","aws_vpc.cloudpilot_vpc"]}},"schema_version":0},{"address":"aws_route_table.cloudpilot_public_rt","mode":"managed","type":"aws_route_table","name":"cloudpilot_public_rt","provider_config_key":"aws","expressions":{"route":{"references":["aws_internet_gateway.cloudpilot_igw.id","aws_internet_gateway.cloudpilot_igw"]},"tags":{"constant_value":{"Name":"cloudpilot_public_rt"}},"vpc_id":{"references":["aws_vpc.cloudpilot_vpc.id","aws_vpc.cloudpilot_vpc"]}},"schema_version":0},{"address":"aws_route_table_association.cloudpilot_public_rta","mode":"managed","type":"aws_route_table_association","name":"cloudpilot_public_rta","provider_config_key":"aws","expressions":{"route_table_id":{"references":["aws_route_table.cloudpilot_public_rt.id","aws_route_table.cloudpilot_public_rt"]},"subnet_id":{"references":["aws_subnet.cloudpilot_public_subnet.id","aws_subnet.cloudpilot_public_subnet"]}},"schema_version":0},{"address":"aws_s3_bucket.cloudpilot_bucket","mode":"managed","type":"aws_s3_bucket","name":"cloudpilot_bucket","provider_config_key":"aws","expressions":{"bucket":{"constant_value":"cloudpilot-app-bucket"},"tags":{"constant_value":{"Name":"cloudpilot_bucket"}}},"schema_version":0},{"address":"aws_security_group.cloudpilot_sg","mode":"managed","type":"aws_security_group","name":"cloudpilot_sg","provider_config_key":"aws","expressions":{"description":{"constant_value":"Security group for app server"},"egress":{"constant_value":[{"cidr_blocks":["0.0.0.0/0"],"description":null,"from_port":0,"ipv6_cidr_blocks":null,"prefix_list_ids":null,"protocol":"-1","security_groups":null,"self":null,"to_port":0}]},"ingress":{"constant_value":[{"cidr_blocks":["0.0.0.0/0"],"description":null,"from_port":80,"ipv6_cidr_blocks":null,"prefix_list_ids":null,"protocol":"tcp","security_groups":null,"self":null,"to_port":80}]},"name":{"constant_value":"cloudpilot_sg"},"tags":{"constant_value":{"Name":"cloudpilot_sg"}},"vpc_id":{"references":["aws_vpc.cloudpilot_vpc.id","aws_vpc.cloudpilot_vpc"]}},"schema_version":1},{"address":"aws_subnet.cloudpilot_public_subnet","mode":"managed","type":"aws_subnet","name":"cloudpilot_public_subnet","provider_config_key":"aws","expressions":{"availability_zone":{"constant_value":"us-east-1a"},"cidr_block":{"constant_value":"10.0.1.0/24"},"tags":{"constant_value":{"Name":"cloudpilot_public_subnet"}},"vpc_id":{"references":["aws_vpc.cloudpilot_vpc.id","aws_vpc.cloudpilot_vpc"]}},"schema_version":1},{"address":"aws_vpc.cloudpilot_vpc","mode":"managed","type":"aws_vpc","name":"cloudpilot_vpc","provider_config_key":"aws","expressions":{"cidr_block":{"constant_value":"10.0.0.0/16"},"enable_dns_hostnames":{"constant_value":true},"enable_dns_support":{"constant_value":true},"tags":{"constant_value":{"Name":"cloudpilot_vpc"}}},"schema_version":1}]}},"timestamp":"2025-03-01T16:41:00Z","applyable":true,"complete":true,"errored":false}
