{
  "version": 4,
  "terraform_version": "1.10.5",
  "serial": 131,
  "lineage": "067817ea-13e0-a221-05ad-df68022c5b18",
  "outputs": {},
  "resources": [
    {
      "mode": "managed",
      "type": "aws_cloudwatch_log_group",
      "name": "cloudpilot_log_group",
      "provider": "provider[\"registry.terraform.io/hashicorp/aws\"]",
      "instances": [
        {
          "schema_version": 0,
          "attributes": {
            "arn": "arn:aws:logs:us-east-1:354568764032:log-group:/cloudpilot/ec2_logs",
            "id": "/cloudpilot/ec2_logs",
            "kms_key_id": "",
            "log_group_class": "STANDARD",
            "name": "/cloudpilot/ec2_logs",
            "name_prefix": "",
            "retention_in_days": 0,
            "skip_destroy": false,
            "tags": {
              "Name": "cloudpilot_log_group"
            },
            "tags_all": {
              "Name": "cloudpilot_log_group"
            }
          },
          "sensitive_attributes": [],
          "private": "bnVsbA=="
        }
      ]
    },
    {
      "mode": "managed",
      "type": "aws_eip",
      "name": "cloudpilot_eip",
      "provider": "provider[\"registry.terraform.io/hashicorp/aws\"]",
      "instances": [
        {
          "status": "tainted",
          "schema_version": 0,
          "attributes": {
            "address": null,
            "allocation_id": null,
            "arn": null,
            "associate_with_private_ip": null,
            "association_id": null,
            "carrier_ip": null,
            "customer_owned_ip": null,
            "customer_owned_ipv4_pool": null,
            "domain": null,
            "id": "eipalloc-0104f3d2d9fa9d8a8",
            "instance": "i-00126b12ab5419fd1",
            "ipam_pool_id": null,
            "network_border_group": null,
            "network_interface": null,
            "private_dns": null,
            "private_ip": null,
            "ptr_record": null,
            "public_dns": null,
            "public_ip": null,
            "public_ipv4_pool": null,
            "tags": {
              "Name": "cloudpilot_eip"
            },
            "tags_all": {
              "Name": "cloudpilot_eip"
            },
            "timeouts": null,
            "vpc": true
          },
          "sensitive_attributes": [],
          "private": "eyJlMmJmYjczMC1lY2FhLTExZTYtOGY4OC0zNDM2M2JjN2M0YzAiOnsiZGVsZXRlIjoxODAwMDAwMDAwMDAsInJlYWQiOjkwMDAwMDAwMDAwMCwidXBkYXRlIjozMDAwMDAwMDAwMDB9fQ==",
          "dependencies": [
            "aws_instance.cloudpilot_ec2",
            "aws_security_group.cloudpilot_sg",
            "aws_subnet.cloudpilot_subnet",
            "aws_vpc.cloudpilot_vpc"
          ]
        }
      ]
    },
    {
      "mode": "managed",
      "type": "aws_instance",
      "name": "cloudpilot_ec2",
      "provider": "provider[\"registry.terraform.io/hashicorp/aws\"]",
      "instances": [
        {
          "schema_version": 1,
          "attributes": {
            "ami": "ami-05b10e08d247fb927",
            "arn": "arn:aws:ec2:us-east-1:354568764032:instance/i-00126b12ab5419fd1",
            "associate_public_ip_address": false,
            "availability_zone": "us-east-1e",
            "capacity_reservation_specification": [
              {
                "capacity_reservation_preference": "open",
                "capacity_reservation_target": []
              }
            ],
            "cpu_core_count": 1,
            "cpu_options": [
              {
                "amd_sev_snp": "",
                "core_count": 1,
                "threads_per_core": 1
              }
            ],
            "cpu_threads_per_core": 1,
            "credit_specification": [
              {
                "cpu_credits": "standard"
              }
            ],
            "disable_api_stop": false,
            "disable_api_termination": false,
            "ebs_block_device": [],
            "ebs_optimized": false,
            "enable_primary_ipv6": null,
            "enclave_options": [
              {
                "enabled": false
              }
            ],
            "ephemeral_block_device": [],
            "get_password_data": false,
            "hibernation": false,
            "host_id": "",
            "host_resource_group_arn": null,
            "iam_instance_profile": "",
            "id": "i-00126b12ab5419fd1",
            "instance_initiated_shutdown_behavior": "stop",
            "instance_lifecycle": "",
            "instance_market_options": [],
            "instance_state": "running",
            "instance_type": "t2.micro",
            "ipv6_address_count": 0,
            "ipv6_addresses": [],
            "key_name": "",
            "launch_template": [],
            "maintenance_options": [
              {
                "auto_recovery": "default"
              }
            ],
            "metadata_options": [
              {
                "http_endpoint": "enabled",
                "http_protocol_ipv6": "disabled",
                "http_put_response_hop_limit": 2,
                "http_tokens": "required",
                "instance_metadata_tags": "disabled"
              }
            ],
            "monitoring": false,
            "network_interface": [],
            "outpost_arn": "",
            "password_data": "",
            "placement_group": "",
            "placement_partition_number": 0,
            "primary_network_interface_id": "eni-0b21a79e9daf5c266",
            "private_dns": "ip-10-0-1-31.ec2.internal",
            "private_dns_name_options": [
              {
                "enable_resource_name_dns_a_record": false,
                "enable_resource_name_dns_aaaa_record": false,
                "hostname_type": "ip-name"
              }
            ],
            "private_ip": "10.0.1.31",
            "public_dns": "",
            "public_ip": "",
            "root_block_device": [
              {
                "delete_on_termination": true,
                "device_name": "/dev/xvda",
                "encrypted": false,
                "iops": 3000,
                "kms_key_id": "",
                "tags": {},
                "tags_all": {},
                "throughput": 125,
                "volume_id": "vol-04eeb38a3414962bb",
                "volume_size": 8,
                "volume_type": "gp3"
              }
            ],
            "secondary_private_ips": [],
            "security_groups": [],
            "source_dest_check": true,
            "spot_instance_request_id": "",
            "subnet_id": "subnet-0ae4e3545c895ba02",
            "tags": {
              "Name": "cloudpilot_ec2"
            },
            "tags_all": {
              "Name": "cloudpilot_ec2"
            },
            "tenancy": "default",
            "timeouts": null,
            "user_data": null,
            "user_data_base64": null,
            "user_data_replace_on_change": false,
            "volume_tags": null,
            "vpc_security_group_ids": [
              "sg-087b3db9e8b85e03c"
            ]
          },
          "sensitive_attributes": [],
          "private": "eyJlMmJmYjczMC1lY2FhLTExZTYtOGY4OC0zNDM2M2JjN2M0YzAiOnsiY3JlYXRlIjo2MDAwMDAwMDAwMDAsImRlbGV0ZSI6MTIwMDAwMDAwMDAwMCwicmVhZCI6OTAwMDAwMDAwMDAwLCJ1cGRhdGUiOjYwMDAwMDAwMDAwMH0sInNjaGVtYV92ZXJzaW9uIjoiMSJ9",
          "dependencies": [
            "aws_security_group.cloudpilot_sg",
            "aws_subnet.cloudpilot_subnet",
            "aws_vpc.cloudpilot_vpc"
          ]
        }
      ]
    },
    {
      "mode": "managed",
      "type": "aws_security_group",
      "name": "cloudpilot_sg",
      "provider": "provider[\"registry.terraform.io/hashicorp/aws\"]",
      "instances": [
        {
          "schema_version": 1,
          "attributes": {
            "arn": "arn:aws:ec2:us-east-1:354568764032:security-group/sg-087b3db9e8b85e03c",
            "description": "Allow inbound HTTP/HTTPS traffic",
            "egress": [
              {
                "cidr_blocks": [
                  "0.0.0.0/0"
                ],
                "description": "",
                "from_port": 0,
                "ipv6_cidr_blocks": [],
                "prefix_list_ids": [],
                "protocol": "-1",
                "security_groups": [],
                "self": false,
                "to_port": 0
              }
            ],
            "id": "sg-087b3db9e8b85e03c",
            "ingress": [
              {
                "cidr_blocks": [
                  "0.0.0.0/0"
                ],
                "description": "",
                "from_port": 443,
                "ipv6_cidr_blocks": [],
                "prefix_list_ids": [],
                "protocol": "tcp",
                "security_groups": [],
                "self": false,
                "to_port": 443
              },
              {
                "cidr_blocks": [
                  "0.0.0.0/0"
                ],
                "description": "",
                "from_port": 80,
                "ipv6_cidr_blocks": [],
                "prefix_list_ids": [],
                "protocol": "tcp",
                "security_groups": [],
                "self": false,
                "to_port": 80
              }
            ],
            "name": "cloudpilot_sg",
            "name_prefix": "",
            "owner_id": "354568764032",
            "revoke_rules_on_delete": false,
            "tags": {
              "Name": "cloudpilot_sg"
            },
            "tags_all": {
              "Name": "cloudpilot_sg"
            },
            "timeouts": null,
            "vpc_id": "vpc-0022751ce31ada3fd"
          },
          "sensitive_attributes": [],
          "private": "eyJlMmJmYjczMC1lY2FhLTExZTYtOGY4OC0zNDM2M2JjN2M0YzAiOnsiY3JlYXRlIjo2MDAwMDAwMDAwMDAsImRlbGV0ZSI6OTAwMDAwMDAwMDAwfSwic2NoZW1hX3ZlcnNpb24iOiIxIn0=",
          "dependencies": [
            "aws_vpc.cloudpilot_vpc"
          ]
        }
      ]
    },
    {
      "mode": "managed",
      "type": "aws_ssm_association",
      "name": "cloudpilot_ssm_association",
      "provider": "provider[\"registry.terraform.io/hashicorp/aws\"]",
      "instances": [
        {
          "schema_version": 1,
          "attributes": {
            "apply_only_at_cron_interval": false,
            "arn": "arn:aws:ssm:us-east-1:354568764032:association/4670cc7b-2c33-4b19-8e12-623ffa18273b",
            "association_id": "4670cc7b-2c33-4b19-8e12-623ffa18273b",
            "association_name": "",
            "automation_target_parameter_name": "",
            "compliance_severity": "",
            "document_version": "$DEFAULT",
            "id": "4670cc7b-2c33-4b19-8e12-623ffa18273b",
            "instance_id": "",
            "max_concurrency": "",
            "max_errors": "",
            "name": "cloudpilot_ssm_document",
            "output_location": [],
            "parameters": {},
            "schedule_expression": "",
            "sync_compliance": "",
            "tags": null,
            "tags_all": {},
            "targets": [
              {
                "key": "InstanceIds",
                "values": [
                  "i-00126b12ab5419fd1"
                ]
              }
            ],
            "wait_for_success_timeout_seconds": null
          },
          "sensitive_attributes": [],
          "private": "eyJzY2hlbWFfdmVyc2lvbiI6IjEifQ==",
          "dependencies": [
            "aws_instance.cloudpilot_ec2",
            "aws_security_group.cloudpilot_sg",
            "aws_ssm_document.cloudpilot_ssm_document",
            "aws_subnet.cloudpilot_subnet",
            "aws_vpc.cloudpilot_vpc"
          ]
        }
      ]
    },
    {
      "mode": "managed",
      "type": "aws_ssm_document",
      "name": "cloudpilot_ssm_document",
      "provider": "provider[\"registry.terraform.io/hashicorp/aws\"]",
      "instances": [
        {
          "schema_version": 0,
          "attributes": {
            "arn": "arn:aws:ssm:us-east-1:354568764032:document/cloudpilot_ssm_document",
            "attachments_source": [],
            "content": "schemaVersion: '2.2'\ndescription: 'Install and configure web server'\nparameters: {}\nmainSteps:\n  - action: 'aws:runShellScript'\n    name: 'installWebServer'\n    inputs:\n      runCommand:\n        - 'yum update -y'\n        - 'yum install -y httpd'\n        - 'systemctl start httpd'\n        - 'systemctl enable httpd'\n",
            "created_date": "2025-03-01T11:43:14Z",
            "default_version": "1",
            "description": "Install and configure web server",
            "document_format": "YAML",
            "document_type": "Command",
            "document_version": "1",
            "hash": "de350a24db86611240cb5aca7429bdf7be01b34ee6d3222251529609a7c5f9eb",
            "hash_type": "Sha256",
            "id": "cloudpilot_ssm_document",
            "latest_version": "1",
            "name": "cloudpilot_ssm_document",
            "owner": "354568764032",
            "parameter": [],
            "permissions": null,
            "platform_types": [
              "Linux",
              "MacOS"
            ],
            "schema_version": "2.2",
            "status": "Active",
            "tags": null,
            "tags_all": {},
            "target_type": "",
            "version_name": ""
          },
          "sensitive_attributes": [],
          "private": "bnVsbA=="
        }
      ]
    },
    {
      "mode": "managed",
      "type": "aws_subnet",
      "name": "cloudpilot_subnet",
      "provider": "provider[\"registry.terraform.io/hashicorp/aws\"]",
      "instances": [
        {
          "schema_version": 1,
          "attributes": {
            "arn": "arn:aws:ec2:us-east-1:354568764032:subnet/subnet-0ae4e3545c895ba02",
            "assign_ipv6_address_on_creation": false,
            "availability_zone": "us-east-1e",
            "availability_zone_id": "use1-az3",
            "cidr_block": "10.0.1.0/24",
            "customer_owned_ipv4_pool": "",
            "enable_dns64": false,
            "enable_lni_at_device_index": 0,
            "enable_resource_name_dns_a_record_on_launch": false,
            "enable_resource_name_dns_aaaa_record_on_launch": false,
            "id": "subnet-0ae4e3545c895ba02",
            "ipv6_cidr_block": "",
            "ipv6_cidr_block_association_id": "",
            "ipv6_native": false,
            "map_customer_owned_ip_on_launch": false,
            "map_public_ip_on_launch": false,
            "outpost_arn": "",
            "owner_id": "354568764032",
            "private_dns_hostname_type_on_launch": "ip-name",
            "tags": {
              "Name": "cloudpilot_subnet"
            },
            "tags_all": {
              "Name": "cloudpilot_subnet"
            },
            "timeouts": null,
            "vpc_id": "vpc-0022751ce31ada3fd"
          },
          "sensitive_attributes": [],
          "private": "eyJlMmJmYjczMC1lY2FhLTExZTYtOGY4OC0zNDM2M2JjN2M0YzAiOnsiY3JlYXRlIjo2MDAwMDAwMDAwMDAsImRlbGV0ZSI6MTIwMDAwMDAwMDAwMH0sInNjaGVtYV92ZXJzaW9uIjoiMSJ9",
          "dependencies": [
            "aws_vpc.cloudpilot_vpc"
          ]
        }
      ]
    },
    {
      "mode": "managed",
      "type": "aws_vpc",
      "name": "cloudpilot_vpc",
      "provider": "provider[\"registry.terraform.io/hashicorp/aws\"]",
      "instances": [
        {
          "schema_version": 1,
          "attributes": {
            "arn": "arn:aws:ec2:us-east-1:354568764032:vpc/vpc-0022751ce31ada3fd",
            "assign_generated_ipv6_cidr_block": false,
            "cidr_block": "10.0.0.0/16",
            "default_network_acl_id": "acl-098ece8a890f73520",
            "default_route_table_id": "rtb-005ed47fdafcf5fd6",
            "default_security_group_id": "sg-082e2564e414d8f97",
            "dhcp_options_id": "dopt-09f9a323336f060ff",
            "enable_dns_hostnames": false,
            "enable_dns_support": true,
            "enable_network_address_usage_metrics": false,
            "id": "vpc-0022751ce31ada3fd",
            "instance_tenancy": "default",
            "ipv4_ipam_pool_id": null,
            "ipv4_netmask_length": null,
            "ipv6_association_id": "",
            "ipv6_cidr_block": "",
            "ipv6_cidr_block_network_border_group": "",
            "ipv6_ipam_pool_id": "",
            "ipv6_netmask_length": 0,
            "main_route_table_id": "rtb-005ed47fdafcf5fd6",
            "owner_id": "354568764032",
            "tags": {
              "Name": "cloudpilot_vpc"
            },
            "tags_all": {
              "Name": "cloudpilot_vpc"
            }
          },
          "sensitive_attributes": [],
          "private": "eyJzY2hlbWFfdmVyc2lvbiI6IjEifQ=="
        }
      ]
    }
  ],
  "check_results": null
}
