{
  "version": 4,
  "terraform_version": "1.10.5",
  "serial": 21,
  "lineage": "067817ea-13e0-a221-05ad-df68022c5b18",
  "outputs": {},
  "resources": [
    {
      "mode": "managed",
      "type": "aws_iam_instance_profile",
      "name": "cloudpilot_profile",
      "provider": "provider[\"registry.terraform.io/hashicorp/aws\"]",
      "instances": [
        {
          "schema_version": 0,
          "attributes": {
            "arn": "arn:aws:iam::354568764032:instance-profile/cloudpilot_profile",
            "create_date": "2025-03-01T05:28:12Z",
            "id": "cloudpilot_profile",
            "name": "cloudpilot_profile",
            "name_prefix": "",
            "path": "/",
            "role": "cloudpilot-role",
            "tags": {},
            "tags_all": {},
            "unique_id": "AIPAVFDPR7KAICM7IXOJH"
          },
          "sensitive_attributes": [],
          "private": "bnVsbA==",
          "dependencies": [
            "aws_iam_role.cloudpilot_role"
          ]
        }
      ]
    },
    {
      "mode": "managed",
      "type": "aws_iam_role",
      "name": "cloudpilot_role",
      "provider": "provider[\"registry.terraform.io/hashicorp/aws\"]",
      "instances": [
        {
          "schema_version": 0,
          "attributes": {
            "arn": "arn:aws:iam::354568764032:role/cloudpilot-role",
            "assume_role_policy": "{\"Statement\":[{\"Action\":\"sts:AssumeRole\",\"Effect\":\"Allow\",\"Principal\":{\"Service\":\"ec2.amazonaws.com\"},\"Sid\":\"\"}],\"Version\":\"2012-10-17\"}",
            "create_date": "2025-03-01T05:28:11Z",
            "description": "",
            "force_detach_policies": false,
            "id": "cloudpilot-role",
            "inline_policy": [
              {
                "name": "cloudpilot-policy",
                "policy": "{\"Version\":\"2012-10-17\",\"Statement\":[{\"Action\":[\"s3:*\",\"cloudtrail:*\"],\"Effect\":\"Allow\",\"Resource\":\"*\"}]}"
              }
            ],
            "managed_policy_arns": [],
            "max_session_duration": 3600,
            "name": "cloudpilot-role",
            "name_prefix": "",
            "path": "/",
            "permissions_boundary": "",
            "tags": {},
            "tags_all": {},
            "unique_id": "AROAVFDPR7KAARCBNDNDP"
          },
          "sensitive_attributes": [],
          "private": "bnVsbA=="
        }
      ]
    },
    {
      "mode": "managed",
      "type": "aws_iam_role_policy",
      "name": "cloudpilot_policy",
      "provider": "provider[\"registry.terraform.io/hashicorp/aws\"]",
      "instances": [
        {
          "schema_version": 0,
          "attributes": {
            "id": "cloudpilot-role:cloudpilot-policy",
            "name": "cloudpilot-policy",
            "name_prefix": "",
            "policy": "{\"Version\":\"2012-10-17\",\"Statement\":[{\"Action\":[\"s3:*\",\"cloudtrail:*\"],\"Effect\":\"Allow\",\"Resource\":\"*\"}]}",
            "role": "cloudpilot-role"
          },
          "sensitive_attributes": [],
          "private": "bnVsbA==",
          "dependencies": [
            "aws_iam_role.cloudpilot_role"
          ]
        }
      ]
    },
    {
      "mode": "managed",
      "type": "aws_s3_bucket",
      "name": "cloudpilot_bucket",
      "provider": "provider[\"registry.terraform.io/hashicorp/aws\"]",
      "instances": [
        {
          "status": "tainted",
          "schema_version": 0,
          "attributes": {
            "acceleration_status": null,
            "acl": "private",
            "arn": null,
            "bucket": "cloudpilot-bucket",
            "bucket_domain_name": null,
            "bucket_prefix": null,
            "bucket_regional_domain_name": null,
            "cors_rule": null,
            "force_destroy": false,
            "grant": [],
            "hosted_zone_id": null,
            "id": "cloudpilot-bucket",
            "lifecycle_rule": null,
            "logging": [
              {
                "target_bucket": "cloudpilot-log-bucket",
                "target_prefix": "log/"
              }
            ],
            "object_lock_configuration": null,
            "object_lock_enabled": null,
            "policy": null,
            "region": null,
            "replication_configuration": null,
            "request_payer": null,
            "server_side_encryption_configuration": [
              {
                "rule": [
                  {
                    "apply_server_side_encryption_by_default": [
                      {
                        "kms_master_key_id": "",
                        "sse_algorithm": "AES256"
                      }
                    ],
                    "bucket_key_enabled": false
                  }
                ]
              }
            ],
            "tags": {
              "Name": "cloudpilot_bucket"
            },
            "tags_all": {
              "Name": "cloudpilot_bucket"
            },
            "timeouts": null,
            "versioning": [
              {
                "enabled": true,
                "mfa_delete": false
              }
            ],
            "website": null,
            "website_domain": null,
            "website_endpoint": null
          },
          "sensitive_attributes": [],
          "private": "eyJlMmJmYjczMC1lY2FhLTExZTYtOGY4OC0zNDM2M2JjN2M0YzAiOnsiY3JlYXRlIjoxMjAwMDAwMDAwMDAwLCJkZWxldGUiOjM2MDAwMDAwMDAwMDAsInJlYWQiOjEyMDAwMDAwMDAwMDAsInVwZGF0ZSI6MTIwMDAwMDAwMDAwMH19"
        }
      ]
    },
    {
      "mode": "managed",
      "type": "aws_security_group",
      "name": "cloudpilot_sg",
      "provider": "provider[\"registry.terraform.io/hashicorp/aws\"]",
      "instances": [
        {
          "schema_version": 1,
          "attributes": {
            "arn": "arn:aws:ec2:us-west-2:354568764032:security-group/sg-0665771f6733ffb2b",
            "description": "cloudpilot security group",
            "egress": [
              {
                "cidr_blocks": [
                  "0.0.0.0/0"
                ],
                "description": "",
                "from_port": 0,
                "ipv6_cidr_blocks": [],
                "prefix_list_ids": [],
                "protocol": "-1",
                "security_groups": [],
                "self": false,
                "to_port": 0
              }
            ],
            "id": "sg-0665771f6733ffb2b",
            "ingress": [
              {
                "cidr_blocks": [
                  "0.0.0.0/0"
                ],
                "description": "",
                "from_port": 80,
                "ipv6_cidr_blocks": [],
                "prefix_list_ids": [],
                "protocol": "tcp",
                "security_groups": [],
                "self": false,
                "to_port": 80
              }
            ],
            "name": "cloudpilot-sg",
            "name_prefix": "",
            "owner_id": "354568764032",
            "revoke_rules_on_delete": false,
            "tags": {
              "Name": "cloudpilot_sg"
            },
            "tags_all": {
              "Name": "cloudpilot_sg"
            },
            "timeouts": null,
            "vpc_id": "vpc-0606ccec5cd57c0ae"
          },
          "sensitive_attributes": [],
          "private": "eyJlMmJmYjczMC1lY2FhLTExZTYtOGY4OC0zNDM2M2JjN2M0YzAiOnsiY3JlYXRlIjo2MDAwMDAwMDAwMDAsImRlbGV0ZSI6OTAwMDAwMDAwMDAwfSwic2NoZW1hX3ZlcnNpb24iOiIxIn0="
        }
      ]
    }
  ],
  "check_results": null
}
